<?xml version="1.0" encoding="UTF-8"?>
<Scheme
   LastUpgradeVersion = "1430"
   version = "1.7">
   <BuildAction
      parallelizeBuildables = "YES"
      buildImplicitDependencies = "YES"
      runPostActionsOnFailure = "NO">
      <BuildActionEntries>
         <BuildActionEntry
            buildForTesting = "YES"
            buildForRunning = "YES"
            buildForProfiling = "YES"
            buildForArchiving = "YES"
            buildForAnalyzing = "YES">
            <BuildableReference
               BuildableIdentifier = "primary"
               BlueprintIdentifier = "78B53CC79860CBFC2F5543C6"
               BuildableName = "iosApp.app"
               BlueprintName = "iosApp"
               ReferencedContainer = "container:iosApp.xcodeproj">
            </BuildableReference>
         </BuildActionEntry>
         <BuildActionEntry
            buildForTesting = "YES"
            buildForRunning = "NO"
            buildForProfiling = "NO"
            buildForArchiving = "NO"
            buildForAnalyzing = "NO">
            <BuildableReference
               BuildableIdentifier = "primary"
               BlueprintIdentifier = "0618CB341719EF98872EA928"
               BuildableName = "iosAppE2ETests.xctest"
               BlueprintName = "iosAppE2ETests"
               ReferencedContainer = "container:iosApp.xcodeproj">
            </BuildableReference>
         </BuildActionEntry>
         <BuildActionEntry
            buildForTesting = "YES"
            buildForRunning = "NO"
            buildForProfiling = "NO"
            buildForArchiving = "NO"
            buildForAnalyzing = "NO">
            <BuildableReference
               BuildableIdentifier = "primary"
               BlueprintIdentifier = "EDDC9037D014CD9DDCA653AC"
               BuildableName = "iosAppTests.xctest"
               BlueprintName = "iosAppTests"
               ReferencedContainer = "container:iosApp.xcodeproj">
            </BuildableReference>
         </BuildActionEntry>
      </BuildActionEntries>
   </BuildAction>
   <TestAction
      buildConfiguration = "US-Int-Debug"
      selectedDebuggerIdentifier = "Xcode.DebuggerFoundation.Debugger.LLDB"
      selectedLauncherIdentifier = "Xcode.DebuggerFoundation.Launcher.LLDB"
      shouldUseLaunchSchemeArgsEnv = "YES"
      onlyGenerateCoverageForSpecifiedTargets = "NO">
      <TestPlans>
         <TestPlanReference
            default = "YES"
            reference = "container:iosApp.xcodeproj/xcshareddata/TestPlans/AllTests.xctestplan">
         </TestPlanReference>
         <TestPlanReference
            reference = "container:iosApp.xcodeproj/xcshareddata/TestPlans/UnitTests.xctestplan">
         </TestPlanReference>
         <TestPlanReference
            reference = "container:iosApp.xcodeproj/xcshareddata/TestPlans/UIComponentTests.xctestplan">
         </TestPlanReference>
         <TestPlanReference
            reference = "container:iosApp.xcodeproj/xcshareddata/TestPlans/NavIntTests.xctestplan">
         </TestPlanReference>
         <TestPlanReference
            reference = "container:iosApp.xcodeproj/xcshareddata/TestPlans/E2ETests.xctestplan">
         </TestPlanReference>
      </TestPlans>
      <MacroExpansion>
         <BuildableReference
            BuildableIdentifier = "primary"
            BlueprintIdentifier = "78B53CC79860CBFC2F5543C6"
            BuildableName = "iosApp.app"
            BlueprintName = "iosApp"
            ReferencedContainer = "container:iosApp.xcodeproj">
         </BuildableReference>
      </MacroExpansion>
      <Testables>
      </Testables>
      <CommandLineArguments>
      </CommandLineArguments>
   </TestAction>
   <LaunchAction
      buildConfiguration = "US-Int-Debug"
      selectedDebuggerIdentifier = "Xcode.DebuggerFoundation.Debugger.LLDB"
      selectedLauncherIdentifier = "Xcode.DebuggerFoundation.Launcher.LLDB"
      launchStyle = "0"
      useCustomWorkingDirectory = "NO"
      ignoresPersistentStateOnLaunch = "NO"
      debugDocumentVersioning = "YES"
      debugServiceExtension = "internal"
      allowLocationSimulation = "YES">
      <BuildableProductRunnable
         runnableDebuggingMode = "0">
         <BuildableReference
            BuildableIdentifier = "primary"
            BlueprintIdentifier = "78B53CC79860CBFC2F5543C6"
            BuildableName = "iosApp.app"
            BlueprintName = "iosApp"
            ReferencedContainer = "container:iosApp.xcodeproj">
         </BuildableReference>
      </BuildableProductRunnable>
      <CommandLineArguments>
      </CommandLineArguments>
   </LaunchAction>
   <ProfileAction
      buildConfiguration = "US-Prod-Release"
      shouldUseLaunchSchemeArgsEnv = "YES"
      savedToolIdentifier = ""
      useCustomWorkingDirectory = "NO"
      debugDocumentVersioning = "YES">
      <BuildableProductRunnable
         runnableDebuggingMode = "0">
         <BuildableReference
            BuildableIdentifier = "primary"
            BlueprintIdentifier = "78B53CC79860CBFC2F5543C6"
            BuildableName = "iosApp.app"
            BlueprintName = "iosApp"
            ReferencedContainer = "container:iosApp.xcodeproj">
         </BuildableReference>
      </BuildableProductRunnable>
      <CommandLineArguments>
      </CommandLineArguments>
   </ProfileAction>
   <AnalyzeAction
      buildConfiguration = "US-Int-Debug">
   </AnalyzeAction>
   <ArchiveAction
      buildConfiguration = "US-Prod-Release"
      revealArchiveInOrganizer = "YES">
   </ArchiveAction>
</Scheme>
