// !$*UTF8*$!
{
	archiveVersion = 1;
	classes = {
	};
	objectVersion = 56;
	objects = {

/* Begin PBXBuildFile section */
		2A1B6A8A2B0A00010012345A /* MockDonaldsApp.swift in Sources */ = {isa = PBXBuildFile; fileRef = 2A1B6A892B0A00010012345A /* MockDonaldsApp.swift */; };
		2A1B6A8C2B0A00010012345B /* AppDelegate.swift in Sources */ = {isa = PBXBuildFile; fileRef = 2A1B6A8B2B0A00010012345B /* AppDelegate.swift */; };
		2A1B6A8E2B0A00010012345C /* CircuitView.swift in Sources */ = {isa = PBXBuildFile; fileRef = 2A1B6A8D2B0A00010012345C /* CircuitView.swift */; };
		2A1B6A902B0A00010012345D /* CircuitContent.swift in Sources */ = {isa = PBXBuildFile; fileRef = 2A1B6A8F2B0A00010012345D /* CircuitContent.swift */; };
		2A1B6A922B0A00010012345E /* CircuitStack.swift in Sources */ = {isa = PBXBuildFile; fileRef = 2A1B6A912B0A00010012345E /* CircuitStack.swift */; };
		2D446A462F834E110014E455 /* KMPNativeCoroutinesAsync in Frameworks */ = {isa = PBXBuildFile; productRef = 2D446A452F834E110014E455 /* KMPNativeCoroutinesAsync */; };
		2D446A482F834E110014E455 /* KMPNativeCoroutinesCore in Frameworks */ = {isa = PBXBuildFile; productRef = 2D446A472F834E110014E455 /* KMPNativeCoroutinesCore */; };
		2DAB47252F82D91200717705 /* Assets.xcassets in Resources */ = {isa = PBXBuildFile; fileRef = 2DAB47242F82D91200717705 /* Assets.xcassets */; };
		3A1C7B012C0A000100100001 /* Circuit.swift in Sources */ = {isa = PBXBuildFile; fileRef = 3A1C7B002C0A000100100001 /* Circuit.swift */; };
		3A1C7B032C0A000100100002 /* MockDonaldsTheme.swift in Sources */ = {isa = PBXBuildFile; fileRef = 3A1C7B022C0A000100100002 /* MockDonaldsTheme.swift */; };
		3A1C7B052C0A000100100003 /* HomeView.swift in Sources */ = {isa = PBXBuildFile; fileRef = 3A1C7B042C0A000100100003 /* HomeView.swift */; };
		3A1C7B072C0A000100100004 /* OrderView.swift in Sources */ = {isa = PBXBuildFile; fileRef = 3A1C7B062C0A000100100004 /* OrderView.swift */; };
		3A1C7B092C0A000100100005 /* RewardsView.swift in Sources */ = {isa = PBXBuildFile; fileRef = 3A1C7B082C0A000100100005 /* RewardsView.swift */; };
		3A1C7B0B2C0A000100100006 /* ScanView.swift in Sources */ = {isa = PBXBuildFile; fileRef = 3A1C7B0A2C0A000100100006 /* ScanView.swift */; };
		3A1C7B0D2C0A000100100007 /* MoreView.swift in Sources */ = {isa = PBXBuildFile; fileRef = 3A1C7B0C2C0A000100100007 /* MoreView.swift */; };
/* End PBXBuildFile section */

/* Begin PBXFileReference section */
		2A1B6A802B0A00010012345F /* iosApp.app */ = {isa = PBXFileReference; explicitFileType = wrapper.application; includeInIndex = 0; path = iosApp.app; sourceTree = BUILT_PRODUCTS_DIR; };
		2A1B6A892B0A00010012345A /* MockDonaldsApp.swift */ = {isa = PBXFileReference; lastKnownFileType = sourcecode.swift; path = MockDonaldsApp.swift; sourceTree = "<group>"; };
		2A1B6A8B2B0A00010012345B /* AppDelegate.swift */ = {isa = PBXFileReference; lastKnownFileType = sourcecode.swift; path = AppDelegate.swift; sourceTree = "<group>"; };
		2A1B6A8D2B0A00010012345C /* CircuitView.swift */ = {isa = PBXFileReference; lastKnownFileType = sourcecode.swift; path = CircuitView.swift; sourceTree = "<group>"; };
		2A1B6A8F2B0A00010012345D /* CircuitContent.swift */ = {isa = PBXFileReference; lastKnownFileType = sourcecode.swift; path = CircuitContent.swift; sourceTree = "<group>"; };
		2A1B6A912B0A00010012345E /* CircuitStack.swift */ = {isa = PBXFileReference; lastKnownFileType = sourcecode.swift; path = CircuitStack.swift; sourceTree = "<group>"; };
		2A1B6A932B0A00010012345F /* Info.plist */ = {isa = PBXFileReference; lastKnownFileType = text.plist.xml; path = Info.plist; sourceTree = "<group>"; };
		2DAB47242F82D91200717705 /* Assets.xcassets */ = {isa = PBXFileReference; lastKnownFileType = folder.assetcatalog; path = Assets.xcassets; sourceTree = "<group>"; };
		3A1C7B002C0A000100100001 /* Circuit.swift */ = {isa = PBXFileReference; lastKnownFileType = sourcecode.swift; path = Circuit.swift; sourceTree = "<group>"; };
		3A1C7B022C0A000100100002 /* MockDonaldsTheme.swift */ = {isa = PBXFileReference; lastKnownFileType = sourcecode.swift; path = MockDonaldsTheme.swift; sourceTree = "<group>"; };
		3A1C7B042C0A000100100003 /* HomeView.swift */ = {isa = PBXFileReference; lastKnownFileType = sourcecode.swift; path = HomeView.swift; sourceTree = "<group>"; };
		3A1C7B062C0A000100100004 /* OrderView.swift */ = {isa = PBXFileReference; lastKnownFileType = sourcecode.swift; path = OrderView.swift; sourceTree = "<group>"; };
		3A1C7B082C0A000100100005 /* RewardsView.swift */ = {isa = PBXFileReference; lastKnownFileType = sourcecode.swift; path = RewardsView.swift; sourceTree = "<group>"; };
		3A1C7B0A2C0A000100100006 /* ScanView.swift */ = {isa = PBXFileReference; lastKnownFileType = sourcecode.swift; path = ScanView.swift; sourceTree = "<group>"; };
		3A1C7B0C2C0A000100100007 /* MoreView.swift */ = {isa = PBXFileReference; lastKnownFileType = sourcecode.swift; path = MoreView.swift; sourceTree = "<group>"; };
/* End PBXFileReference section */

/* Begin PBXFrameworksBuildPhase section */
		2A1B6A7D2B0A000100123460 /* Frameworks */ = {
			isa = PBXFrameworksBuildPhase;
			buildActionMask = 2147483647;
			files = (
				2D446A482F834E110014E455 /* KMPNativeCoroutinesCore in Frameworks */,
				2D446A462F834E110014E455 /* KMPNativeCoroutinesAsync in Frameworks */,
			);
			runOnlyForDeploymentPostprocessing = 0;
		};
/* End PBXFrameworksBuildPhase section */

/* Begin PBXGroup section */
		2A1B6A772B0A000100123461 = {
			isa = PBXGroup;
			children = (
				2DAB47242F82D91200717705 /* Assets.xcassets */,
				2A1B6A822B0A000100123462 /* iosApp */,
				2A1B6A812B0A000100123463 /* Products */,
			);
			sourceTree = "<group>";
		};
		2A1B6A812B0A000100123463 /* Products */ = {
			isa = PBXGroup;
			children = (
				2A1B6A802B0A00010012345F /* iosApp.app */,
			);
			name = Products;
			sourceTree = "<group>";
		};
		2A1B6A822B0A000100123462 /* iosApp */ = {
			isa = PBXGroup;
			children = (
				2A1B6A892B0A00010012345A /* MockDonaldsApp.swift */,
				2A1B6A8B2B0A00010012345B /* AppDelegate.swift */,
				2A1B6A932B0A00010012345F /* Info.plist */,
				3A1C7B102C0A000100100010 /* Circuit */,
				3A1C7B112C0A000100100011 /* Theme */,
				3A1C7B122C0A000100100012 /* Features */,
			);
			path = iosApp;
			sourceTree = "<group>";
		};
		3A1C7B102C0A000100100010 /* Circuit */ = {
			isa = PBXGroup;
			children = (
				3A1C7B002C0A000100100001 /* Circuit.swift */,
				2A1B6A8D2B0A00010012345C /* CircuitView.swift */,
				2A1B6A8F2B0A00010012345D /* CircuitContent.swift */,
				2A1B6A912B0A00010012345E /* CircuitStack.swift */,
			);
			path = Circuit;
			sourceTree = "<group>";
		};
		3A1C7B112C0A000100100011 /* Theme */ = {
			isa = PBXGroup;
			children = (
				3A1C7B022C0A000100100002 /* MockDonaldsTheme.swift */,
			);
			path = Theme;
			sourceTree = "<group>";
		};
		3A1C7B122C0A000100100012 /* Features */ = {
			isa = PBXGroup;
			children = (
				3A1C7B132C0A000100100013 /* Home */,
				3A1C7B142C0A000100100014 /* Order */,
				3A1C7B152C0A000100100015 /* Rewards */,
				3A1C7B162C0A000100100016 /* Scan */,
				3A1C7B172C0A000100100017 /* More */,
			);
			path = Features;
			sourceTree = "<group>";
		};
		3A1C7B132C0A000100100013 /* Home */ = {
			isa = PBXGroup;
			children = (
				3A1C7B042C0A000100100003 /* HomeView.swift */,
			);
			path = Home;
			sourceTree = "<group>";
		};
		3A1C7B142C0A000100100014 /* Order */ = {
			isa = PBXGroup;
			children = (
				3A1C7B062C0A000100100004 /* OrderView.swift */,
			);
			path = Order;
			sourceTree = "<group>";
		};
		3A1C7B152C0A000100100015 /* Rewards */ = {
			isa = PBXGroup;
			children = (
				3A1C7B082C0A000100100005 /* RewardsView.swift */,
			);
			path = Rewards;
			sourceTree = "<group>";
		};
		3A1C7B162C0A000100100016 /* Scan */ = {
			isa = PBXGroup;
			children = (
				3A1C7B0A2C0A000100100006 /* ScanView.swift */,
			);
			path = Scan;
			sourceTree = "<group>";
		};
		3A1C7B172C0A000100100017 /* More */ = {
			isa = PBXGroup;
			children = (
				3A1C7B0C2C0A000100100007 /* MoreView.swift */,
			);
			path = More;
			sourceTree = "<group>";
		};
/* End PBXGroup section */

/* Begin PBXNativeTarget section */
		2A1B6A7F2B0A000100123465 /* iosApp */ = {
			isa = PBXNativeTarget;
			buildConfigurationList = 2A1B6A9E2B0A000100123466 /* Build configuration list for PBXNativeTarget "iosApp" */;
			buildPhases = (
				2A1B6AA12B0A000100123470 /* Compile Kotlin Framework */,
				2A1B6A7C2B0A000100123467 /* Sources */,
				2A1B6A7D2B0A000100123460 /* Frameworks */,
				2A1B6A7E2B0A000100123468 /* Resources */,
			);
			buildRules = (
			);
			dependencies = (
			);
			name = iosApp;
			packageProductDependencies = (
				2D446A452F834E110014E455 /* KMPNativeCoroutinesAsync */,
				2D446A472F834E110014E455 /* KMPNativeCoroutinesCore */,
			);
			productName = iosApp;
			productReference = 2A1B6A802B0A00010012345F /* iosApp.app */;
			productType = "com.apple.product-type.application";
		};
/* End PBXNativeTarget section */

/* Begin PBXProject section */
		2A1B6A782B0A000100123469 /* Project object */ = {
			isa = PBXProject;
			attributes = {
				BuildIndependentTargetsInParallel = 1;
				LastSwiftUpdateCheck = 1500;
				LastUpgradeCheck = 1500;
				TargetAttributes = {
					2A1B6A7F2B0A000100123465 = {
						CreatedOnToolsVersion = 15.0;
					};
				};
			};
			buildConfigurationList = 2A1B6A7B2B0A00010012346A /* Build configuration list for PBXProject "iosApp" */;
			compatibilityVersion = "Xcode 14.0";
			developmentRegion = en;
			hasScannedForEncodings = 0;
			knownRegions = (
				en,
				Base,
			);
			mainGroup = 2A1B6A772B0A000100123461;
			packageReferences = (
				2D446A442F834E110014E455 /* XCRemoteSwiftPackageReference "KMP-NativeCoroutines" */,
			);
			productRefGroup = 2A1B6A812B0A000100123463 /* Products */;
			projectDirPath = "";
			projectRoot = "";
			targets = (
				2A1B6A7F2B0A000100123465 /* iosApp */,
			);
		};
/* End PBXProject section */

/* Begin PBXResourcesBuildPhase section */
		2A1B6A7E2B0A000100123468 /* Resources */ = {
			isa = PBXResourcesBuildPhase;
			buildActionMask = 2147483647;
			files = (
				2DAB47252F82D91200717705 /* Assets.xcassets in Resources */,
			);
			runOnlyForDeploymentPostprocessing = 0;
		};
/* End PBXResourcesBuildPhase section */

/* Begin PBXShellScriptBuildPhase section */
		2A1B6AA12B0A000100123470 /* Compile Kotlin Framework */ = {
			isa = PBXShellScriptBuildPhase;
			buildActionMask = 2147483647;
			files = (
			);
			inputFileListPaths = (
			);
			inputPaths = (
			);
			name = "Compile Kotlin Framework";
			outputFileListPaths = (
			);
			outputPaths = (
			);
			runOnlyForDeploymentPostprocessing = 0;
			shellPath = /bin/sh;
			shellScript = "if [ \"YES\" = \"$OVERRIDE_KOTLIN_BUILD_IDE_SUPPORTED\" ]; then\n  echo \"Skipping Gradle build task invocation due to OVERRIDE_KOTLIN_BUILD_IDE_SUPPORTED environment variable set to \\\"YES\\\"\"\n  exit 0\nfi\ncd \"$SRCROOT/..\"\n./gradlew :composeApp:embedAndSignAppleFrameworkForXcode";
		};
/* End PBXShellScriptBuildPhase section */

/* Begin PBXSourcesBuildPhase section */
		2A1B6A7C2B0A000100123467 /* Sources */ = {
			isa = PBXSourcesBuildPhase;
			buildActionMask = 2147483647;
			files = (
				2A1B6A8A2B0A00010012345A /* MockDonaldsApp.swift in Sources */,
				2A1B6A8C2B0A00010012345B /* AppDelegate.swift in Sources */,
				3A1C7B012C0A000100100001 /* Circuit.swift in Sources */,
				2A1B6A8E2B0A00010012345C /* CircuitView.swift in Sources */,
				2A1B6A902B0A00010012345D /* CircuitContent.swift in Sources */,
				2A1B6A922B0A00010012345E /* CircuitStack.swift in Sources */,
				3A1C7B032C0A000100100002 /* MockDonaldsTheme.swift in Sources */,
				3A1C7B052C0A000100100003 /* HomeView.swift in Sources */,
				3A1C7B072C0A000100100004 /* OrderView.swift in Sources */,
				3A1C7B092C0A000100100005 /* RewardsView.swift in Sources */,
				3A1C7B0B2C0A000100100006 /* ScanView.swift in Sources */,
				3A1C7B0D2C0A000100100007 /* MoreView.swift in Sources */,
			);
			runOnlyForDeploymentPostprocessing = 0;
		};
/* End PBXSourcesBuildPhase section */

/* Begin XCBuildConfiguration section */
		2A1B6A9B2B0A00010012346B /* Debug */ = {
			isa = XCBuildConfiguration;
			buildSettings = {
				ALWAYS_SEARCH_USER_PATHS = NO;
				ASSETCATALOG_COMPILER_GENERATE_SWIFT_ASSET_SYMBOL_EXTENSIONS = YES;
				CLANG_ANALYZER_NONNULL = YES;
				CLANG_ANALYZER_NUMBER_OBJECT_CONVERSION = YES_AGGRESSIVE;
				CLANG_CXX_LANGUAGE_STANDARD = "gnu++20";
				CLANG_ENABLE_MODULES = YES;
				CLANG_ENABLE_OBJC_ARC = YES;
				CLANG_ENABLE_OBJC_WEAK = YES;
				CLANG_WARN_BLOCK_CAPTURE_AUTORELEASING = YES;
				CLANG_WARN_BOOL_CONVERSION = YES;
				CLANG_WARN_COMMA = YES;
				CLANG_WARN_CONSTANT_CONVERSION = YES;
				CLANG_WARN_DEPRECATED_OBJC_IMPLEMENTATIONS = YES;
				CLANG_WARN_DIRECT_OBJC_ISA_USAGE = YES_ERROR;
				CLANG_WARN_DOCUMENTATION_COMMENTS = YES;
				CLANG_WARN_EMPTY_BODY = YES;
				CLANG_WARN_ENUM_CONVERSION = YES;
				CLANG_WARN_INFINITE_RECURSION = YES;
				CLANG_WARN_INT_CONVERSION = YES;
				CLANG_WARN_NON_LITERAL_NULL_CONVERSION = YES;
				CLANG_WARN_OBJC_IMPLICIT_RETAIN_SELF = YES;
				CLANG_WARN_OBJC_LITERAL_CONVERSION = YES;
				CLANG_WARN_OBJC_ROOT_CLASS = YES_ERROR;
				CLANG_WARN_QUOTED_INCLUDE_IN_FRAMEWORK_HEADER = YES;
				CLANG_WARN_RANGE_LOOP_ANALYSIS = YES;
				CLANG_WARN_STRICT_PROTOTYPES = YES;
				CLANG_WARN_SUSPICIOUS_MOVE = YES;
				CLANG_WARN_UNGUARDED_AVAILABILITY = YES_AGGRESSIVE;
				CLANG_WARN_UNREACHABLE_CODE = YES;
				CLANG_WARN__DUPLICATE_METHOD_MATCH = YES;
				COPY_PHASE_STRIP = NO;
				DEBUG_INFORMATION_FORMAT = dwarf;
				ENABLE_STRICT_OBJC_MSGSEND = YES;
				ENABLE_TESTABILITY = YES;
				ENABLE_USER_SCRIPT_SANDBOXING = NO;
				GCC_C_LANGUAGE_STANDARD = gnu17;
				GCC_DYNAMIC_NO_PIC = NO;
				GCC_NO_COMMON_BLOCKS = YES;
				GCC_OPTIMIZATION_LEVEL = 0;
				GCC_PREPROCESSOR_DEFINITIONS = (
					"DEBUG=1",
					"$(inherited)",
				);
				GCC_WARN_64_TO_32_BIT_CONVERSION = YES;
				GCC_WARN_ABOUT_RETURN_TYPE = YES_ERROR;
				GCC_WARN_UNDECLARED_SELECTOR = YES;
				GCC_WARN_UNINITIALIZED_AUTOS = YES_AGGRESSIVE;
				GCC_WARN_UNUSED_FUNCTION = YES;
				GCC_WARN_UNUSED_VARIABLE = YES;
				IPHONEOS_DEPLOYMENT_TARGET = 16.0;
				LOCALIZATION_PREFERS_STRING_CATALOGS = YES;
				MTL_ENABLE_DEBUG_INFO = INCLUDE_SOURCE;
				MTL_FAST_MATH = YES;
				ONLY_ACTIVE_ARCH = YES;
				SDKROOT = iphoneos;
				SWIFT_ACTIVE_COMPILATION_CONDITIONS = "DEBUG $(inherited)";
				SWIFT_OPTIMIZATION_LEVEL = "-Onone";
			};
			name = Debug;
		};
		2A1B6A9C2B0A00010012346C /* Release */ = {
			isa = XCBuildConfiguration;
			buildSettings = {
				ALWAYS_SEARCH_USER_PATHS = NO;
				ASSETCATALOG_COMPILER_GENERATE_SWIFT_ASSET_SYMBOL_EXTENSIONS = YES;
				CLANG_ANALYZER_NONNULL = YES;
				CLANG_ANALYZER_NUMBER_OBJECT_CONVERSION = YES_AGGRESSIVE;
				CLANG_CXX_LANGUAGE_STANDARD = "gnu++20";
				CLANG_ENABLE_MODULES = YES;
				CLANG_ENABLE_OBJC_ARC = YES;
				CLANG_ENABLE_OBJC_WEAK = YES;
				CLANG_WARN_BLOCK_CAPTURE_AUTORELEASING = YES;
				CLANG_WARN_BOOL_CONVERSION = YES;
				CLANG_WARN_COMMA = YES;
				CLANG_WARN_CONSTANT_CONVERSION = YES;
				CLANG_WARN_DEPRECATED_OBJC_IMPLEMENTATIONS = YES;
				CLANG_WARN_DIRECT_OBJC_ISA_USAGE = YES_ERROR;
				CLANG_WARN_DOCUMENTATION_COMMENTS = YES;
				CLANG_WARN_EMPTY_BODY = YES;
				CLANG_WARN_ENUM_CONVERSION = YES;
				CLANG_WARN_INFINITE_RECURSION = YES;
				CLANG_WARN_INT_CONVERSION = YES;
				CLANG_WARN_NON_LITERAL_NULL_CONVERSION = YES;
				CLANG_WARN_OBJC_IMPLICIT_RETAIN_SELF = YES;
				CLANG_WARN_OBJC_LITERAL_CONVERSION = YES;
				CLANG_WARN_OBJC_ROOT_CLASS = YES_ERROR;
				CLANG_WARN_QUOTED_INCLUDE_IN_FRAMEWORK_HEADER = YES;
				CLANG_WARN_RANGE_LOOP_ANALYSIS = YES;
				CLANG_WARN_STRICT_PROTOTYPES = YES;
				CLANG_WARN_SUSPICIOUS_MOVE = YES;
				CLANG_WARN_UNGUARDED_AVAILABILITY = YES_AGGRESSIVE;
				CLANG_WARN_UNREACHABLE_CODE = YES;
				CLANG_WARN__DUPLICATE_METHOD_MATCH = YES;
				COPY_PHASE_STRIP = NO;
				DEBUG_INFORMATION_FORMAT = "dwarf-with-dsym";
				ENABLE_NS_ASSERTIONS = NO;
				ENABLE_STRICT_OBJC_MSGSEND = YES;
				ENABLE_USER_SCRIPT_SANDBOXING = NO;
				GCC_C_LANGUAGE_STANDARD = gnu17;
				GCC_NO_COMMON_BLOCKS = YES;
				GCC_WARN_64_TO_32_BIT_CONVERSION = YES;
				GCC_WARN_ABOUT_RETURN_TYPE = YES_ERROR;
				GCC_WARN_UNDECLARED_SELECTOR = YES;
				GCC_WARN_UNINITIALIZED_AUTOS = YES_AGGRESSIVE;
				GCC_WARN_UNUSED_FUNCTION = YES;
				GCC_WARN_UNUSED_VARIABLE = YES;
				IPHONEOS_DEPLOYMENT_TARGET = 16.0;
				LOCALIZATION_PREFERS_STRING_CATALOGS = YES;
				MTL_ENABLE_DEBUG_INFO = NO;
				MTL_FAST_MATH = YES;
				SDKROOT = iphoneos;
				SWIFT_COMPILATION_MODE = wholemodule;
				VALIDATE_PRODUCT = YES;
			};
			name = Release;
		};
		2A1B6A9F2B0A00010012346D /* Debug */ = {
			isa = XCBuildConfiguration;
			buildSettings = {
				ASSETCATALOG_COMPILER_APPICON_NAME = AppIcon;
				CODE_SIGN_STYLE = Automatic;
				CURRENT_PROJECT_VERSION = 1;
				DEVELOPMENT_TEAM = "${TEAM_ID}";
				FRAMEWORK_SEARCH_PATHS = (
					"$(inherited)",
					"$(SRCROOT)/../composeApp/build/xcode-frameworks/$(CONFIGURATION)/$(SDK_NAME)",
				);
				GENERATE_INFOPLIST_FILE = YES;
				INFOPLIST_FILE = iosApp/Info.plist;
				INFOPLIST_KEY_CFBundleDisplayName = MockDonalds;
				INFOPLIST_KEY_UIApplicationSceneManifest_Generation = YES;
				INFOPLIST_KEY_UIApplicationSupportsIndirectInputEvents = YES;
				INFOPLIST_KEY_UILaunchScreen_Generation = YES;
				INFOPLIST_KEY_UISupportedInterfaceOrientations = UIInterfaceOrientationPortrait;
				LD_RUNPATH_SEARCH_PATHS = (
					"$(inherited)",
					"@executable_path/Frameworks",
				);
				MARKETING_VERSION = 1.0.0;
				OTHER_LDFLAGS = (
					"$(inherited)",
					"-framework",
					ComposeApp,
				);
				PRODUCT_BUNDLE_IDENTIFIER = com.mockdonalds.app;
				PRODUCT_NAME = "$(TARGET_NAME)";
				SWIFT_EMIT_LOC_STRINGS = YES;
				SWIFT_VERSION = 5.0;
				TARGETED_DEVICE_FAMILY = "1,2";
			};
			name = Debug;
		};
		2A1B6AA02B0A00010012346E /* Release */ = {
			isa = XCBuildConfiguration;
			buildSettings = {
				ASSETCATALOG_COMPILER_APPICON_NAME = AppIcon;
				CODE_SIGN_STYLE = Automatic;
				CURRENT_PROJECT_VERSION = 1;
				DEVELOPMENT_TEAM = "";
				FRAMEWORK_SEARCH_PATHS = (
					"$(inherited)",
					"$(SRCROOT)/../composeApp/build/xcode-frameworks/$(CONFIGURATION)/$(SDK_NAME)",
				);
				GENERATE_INFOPLIST_FILE = YES;
				INFOPLIST_FILE = iosApp/Info.plist;
				INFOPLIST_KEY_CFBundleDisplayName = MockDonalds;
				INFOPLIST_KEY_UIApplicationSceneManifest_Generation = YES;
				INFOPLIST_KEY_UIApplicationSupportsIndirectInputEvents = YES;
				INFOPLIST_KEY_UILaunchScreen_Generation = YES;
				INFOPLIST_KEY_UISupportedInterfaceOrientations = UIInterfaceOrientationPortrait;
				LD_RUNPATH_SEARCH_PATHS = (
					"$(inherited)",
					"@executable_path/Frameworks",
				);
				MARKETING_VERSION = 1.0.0;
				OTHER_LDFLAGS = (
					"$(inherited)",
					"-framework",
					ComposeApp,
				);
				PRODUCT_BUNDLE_IDENTIFIER = com.mockdonalds.app;
				PRODUCT_NAME = "$(TARGET_NAME)";
				SWIFT_EMIT_LOC_STRINGS = YES;
				SWIFT_VERSION = 5.0;
				TARGETED_DEVICE_FAMILY = "1,2";
			};
			name = Release;
		};
/* End XCBuildConfiguration section */

/* Begin XCConfigurationList section */
		2A1B6A7B2B0A00010012346A /* Build configuration list for PBXProject "iosApp" */ = {
			isa = XCConfigurationList;
			buildConfigurations = (
				2A1B6A9B2B0A00010012346B /* Debug */,
				2A1B6A9C2B0A00010012346C /* Release */,
			);
			defaultConfigurationIsVisible = 0;
			defaultConfigurationName = Release;
		};
		2A1B6A9E2B0A000100123466 /* Build configuration list for PBXNativeTarget "iosApp" */ = {
			isa = XCConfigurationList;
			buildConfigurations = (
				2A1B6A9F2B0A00010012346D /* Debug */,
				2A1B6AA02B0A00010012346E /* Release */,
			);
			defaultConfigurationIsVisible = 0;
			defaultConfigurationName = Release;
		};
/* End XCConfigurationList section */

/* Begin XCRemoteSwiftPackageReference section */
		2D446A442F834E110014E455 /* XCRemoteSwiftPackageReference "KMP-NativeCoroutines" */ = {
			isa = XCRemoteSwiftPackageReference;
			repositoryURL = "https://github.com/rickclephas/KMP-NativeCoroutines.git";
			requirement = {
				kind = exactVersion;
				version = "1.0.2-spm-async";
			};
		};
/* End XCRemoteSwiftPackageReference section */

/* Begin XCSwiftPackageProductDependency section */
		2D446A452F834E110014E455 /* KMPNativeCoroutinesAsync */ = {
			isa = XCSwiftPackageProductDependency;
			package = 2D446A442F834E110014E455 /* XCRemoteSwiftPackageReference "KMP-NativeCoroutines" */;
			productName = KMPNativeCoroutinesAsync;
		};
		2D446A472F834E110014E455 /* KMPNativeCoroutinesCore */ = {
			isa = XCSwiftPackageProductDependency;
			package = 2D446A442F834E110014E455 /* XCRemoteSwiftPackageReference "KMP-NativeCoroutines" */;
			productName = KMPNativeCoroutinesCore;
		};
/* End XCSwiftPackageProductDependency section */
	};
	rootObject = 2A1B6A782B0A000100123469 /* Project object */;
}
