// !$*UTF8*$!
{
	archiveVersion = 1;
	classes = {
	};
	objectVersion = 56;
	objects = {

/* Begin PBXBuildFile section */
		FF100003FFFF000000000003 /* PlaceholderUnitTest.swift in Sources */ = {isa = PBXBuildFile; fileRef = FF100002FFFF000000000002 /* PlaceholderUnitTest.swift */; };
		0B9261D306E8E87AD74C059C /* HomeViewTest.swift in Sources */ = {isa = PBXBuildFile; fileRef = FE6929F479ACC98EB6607900 /* HomeViewTest.swift */; };
		1A615F2852C7AA7D40C278AB /* OrderViewTest.swift in Sources */ = {isa = PBXBuildFile; fileRef = 7D1D15903213C7D13E2ED8DE /* OrderViewTest.swift */; };
		2736A061DCC173B812508CC4 /* RewardsViewRobot.swift in Sources */ = {isa = PBXBuildFile; fileRef = 4E8CF74CB8120042F7576C84 /* RewardsViewRobot.swift */; };
		2A1B6A8A2B0A00010012345A /* MockDonaldsApp.swift in Sources */ = {isa = PBXBuildFile; fileRef = 2A1B6A892B0A00010012345A /* MockDonaldsApp.swift */; };
		2A1B6A8C2B0A00010012345B /* AppDelegate.swift in Sources */ = {isa = PBXBuildFile; fileRef = 2A1B6A8B2B0A00010012345B /* AppDelegate.swift */; };
		2A1B6A8E2B0A00010012345C /* CircuitView.swift in Sources */ = {isa = PBXBuildFile; fileRef = 2A1B6A8D2B0A00010012345C /* CircuitView.swift */; };
		2A1B6A902B0A00010012345D /* CircuitContent.swift in Sources */ = {isa = PBXBuildFile; fileRef = 2A1B6A8F2B0A00010012345D /* CircuitContent.swift */; };
		2A1B6A922B0A00010012345E /* CircuitStack.swift in Sources */ = {isa = PBXBuildFile; fileRef = 2A1B6A912B0A00010012345E /* CircuitStack.swift */; };
		2AD11A235A7A21EA589D8377 /* ScanStateRobot.swift in Sources */ = {isa = PBXBuildFile; fileRef = 47030C030A9A404F3DB59815 /* ScanStateRobot.swift */; };
		A1B2C3D4E5F6A7B8C9D0E1F4 /* ViewInspector in Frameworks */ = {isa = PBXBuildFile; productRef = A1B2C3D4E5F6A7B8C9D0E1F3 /* ViewInspector */; };
		2D446A462F834E110014E455 /* KMPNativeCoroutinesAsync in Frameworks */ = {isa = PBXBuildFile; productRef = 2D446A452F834E110014E455 /* KMPNativeCoroutinesAsync */; };
		2D446A482F834E110014E455 /* KMPNativeCoroutinesCore in Frameworks */ = {isa = PBXBuildFile; productRef = 2D446A472F834E110014E455 /* KMPNativeCoroutinesCore */; };
		2DAB47252F82D91200717705 /* Assets.xcassets in Resources */ = {isa = PBXBuildFile; fileRef = 2DAB47242F82D91200717705 /* Assets.xcassets */; };
		313B2CEE83289F7C2A4C31FF /* Foundation.framework in Frameworks */ = {isa = PBXBuildFile; fileRef = 5E6D80BA5173193802F0CA30 /* Foundation.framework */; };
		324D3095CE6871F4F2D39FBD /* OrderViewRobot.swift in Sources */ = {isa = PBXBuildFile; fileRef = 4C2FECF2564C8AD2C98E0191 /* OrderViewRobot.swift */; };
		39A279A56CC242CC2400B2EC /* ScanViewTest.swift in Sources */ = {isa = PBXBuildFile; fileRef = D308AE269880FF05B2F95A6A /* ScanViewTest.swift */; };
		3A1C7B012C0A000100100001 /* Circuit.swift in Sources */ = {isa = PBXBuildFile; fileRef = 3A1C7B002C0A000100100001 /* Circuit.swift */; };
		B1A2C3D4E5F6A7B8C9D0E1F6 /* AdaptiveLayout.swift in Sources */ = {isa = PBXBuildFile; fileRef = B1A2C3D4E5F6A7B8C9D0E1F5 /* AdaptiveLayout.swift */; };
		3A1C7B032C0A000100100002 /* MockDonaldsTheme.swift in Sources */ = {isa = PBXBuildFile; fileRef = 3A1C7B022C0A000100100002 /* MockDonaldsTheme.swift */; };
		3A1C7B052C0A000100100003 /* HomeView.swift in Sources */ = {isa = PBXBuildFile; fileRef = 3A1C7B042C0A000100100003 /* HomeView.swift */; };
		3A1C7B072C0A000100100004 /* OrderView.swift in Sources */ = {isa = PBXBuildFile; fileRef = 3A1C7B062C0A000100100004 /* OrderView.swift */; };
		3A1C7B092C0A000100100005 /* RewardsView.swift in Sources */ = {isa = PBXBuildFile; fileRef = 3A1C7B082C0A000100100005 /* RewardsView.swift */; };
		3A1C7B0B2C0A000100100006 /* ScanView.swift in Sources */ = {isa = PBXBuildFile; fileRef = 3A1C7B0A2C0A000100100006 /* ScanView.swift */; };
		3A1C7B0D2C0A000100100007 /* MoreView.swift in Sources */ = {isa = PBXBuildFile; fileRef = 3A1C7B0C2C0A000100100007 /* MoreView.swift */; };
		BB100001BBBB000100000001 /* ProfileView.swift in Sources */ = {isa = PBXBuildFile; fileRef = BB100001BBBB000000000001 /* ProfileView.swift */; };
		3F7FE3C243EA2474EC5ED9B3 /* ScanViewRobot.swift in Sources */ = {isa = PBXBuildFile; fileRef = DDE83391F0042238028012AF /* ScanViewRobot.swift */; };
		5C96DF5D52D5AB8A8543BF47 /* MoreStateRobot.swift in Sources */ = {isa = PBXBuildFile; fileRef = FDBDC98EE92C1069DBBF31E0 /* MoreStateRobot.swift */; };
		6AB7311879DE457185285F19 /* RewardsStateRobot.swift in Sources */ = {isa = PBXBuildFile; fileRef = 2F5BACDF6DC1E6C3703B84D2 /* RewardsStateRobot.swift */; };
		6C5CEAD5CE6711C2489C47DF /* HomeViewRobot.swift in Sources */ = {isa = PBXBuildFile; fileRef = C1A8ED938FEF9C1BD828E87C /* HomeViewRobot.swift */; };
		7B866A0CB8277D0632439366 /* OrderStateRobot.swift in Sources */ = {isa = PBXBuildFile; fileRef = 6B91828C89CC6DCB923C2936 /* OrderStateRobot.swift */; };
		AC0607E1D3E5CCDD97B13DE7 /* StateRobot.swift in Sources */ = {isa = PBXBuildFile; fileRef = C8D50DFB3665CC5598561B45 /* StateRobot.swift */; };
		B24629462C0A24AA7D9DC57D /* MoreViewTest.swift in Sources */ = {isa = PBXBuildFile; fileRef = F6173708533DBC5267F31A2C /* MoreViewTest.swift */; };
		BAEF5302BC73D422B5608270 /* MoreViewRobot.swift in Sources */ = {isa = PBXBuildFile; fileRef = 8F5AFDA1D48BF1DCC2A0AA17 /* MoreViewRobot.swift */; };
		BF222A235485A03E839543DB /* HomeStateRobot.swift in Sources */ = {isa = PBXBuildFile; fileRef = C567766B567EE9C3E5A66BE5 /* HomeStateRobot.swift */; };
		D83025297EF110A52CB99ACB /* RewardsViewTest.swift in Sources */ = {isa = PBXBuildFile; fileRef = B327F071FB5FB234E9888D1A /* RewardsViewTest.swift */; };
		AA100001AAAA000100000001 /* CircuitNavigator.swift in Sources */ = {isa = PBXBuildFile; fileRef = AA100001AAAA000000000001 /* CircuitNavigator.swift */; };
		AA100002AAAA000100000002 /* LoginView.swift in Sources */ = {isa = PBXBuildFile; fileRef = AA100002AAAA000000000002 /* LoginView.swift */; };
		AA100003AAAA000100000003 /* LoginStateRobot.swift in Sources */ = {isa = PBXBuildFile; fileRef = AA100003AAAA000000000003 /* LoginStateRobot.swift */; };
		AA100004AAAA000100000004 /* LoginViewRobot.swift in Sources */ = {isa = PBXBuildFile; fileRef = AA100004AAAA000000000004 /* LoginViewRobot.swift */; };
		AA100005AAAA000100000005 /* LoginViewTest.swift in Sources */ = {isa = PBXBuildFile; fileRef = AA100005AAAA000000000005 /* LoginViewTest.swift */; };
		CC100001CCCC000100000001 /* ProfileStateRobot.swift in Sources */ = {isa = PBXBuildFile; fileRef = CC100001CCCC000000000001 /* ProfileStateRobot.swift */; };
		CC100002CCCC000100000002 /* ProfileViewRobot.swift in Sources */ = {isa = PBXBuildFile; fileRef = CC100002CCCC000000000002 /* ProfileViewRobot.swift */; };
		CC100003CCCC000100000003 /* ProfileViewTest.swift in Sources */ = {isa = PBXBuildFile; fileRef = CC100003CCCC000000000003 /* ProfileViewTest.swift */; };
		DD100001DDDD000100000001 /* NavigationStateManager.swift in Sources */ = {isa = PBXBuildFile; fileRef = DD100001DDDD000000000001 /* NavigationStateManager.swift */; };
		DD100002DDDD000100000002 /* NavigationStateManagerTest.swift in Sources */ = {isa = PBXBuildFile; fileRef = DD100002DDDD000000000002 /* NavigationStateManagerTest.swift */; };
		DD100003DDDD000100000003 /* TabSwitchingTest.swift in Sources */ = {isa = PBXBuildFile; fileRef = DD100003DDDD000000000003 /* TabSwitchingTest.swift */; };
		DD100004DDDD000100000004 /* DeepLinkNavigationTest.swift in Sources */ = {isa = PBXBuildFile; fileRef = DD100004DDDD000000000004 /* DeepLinkNavigationTest.swift */; };
		DD100005DDDD000100000005 /* AuthFlowNavigationTest.swift in Sources */ = {isa = PBXBuildFile; fileRef = DD100005DDDD000000000005 /* AuthFlowNavigationTest.swift */; };
		EE200020EEEE000000000020 /* AppRobot.swift in Sources */ = {isa = PBXBuildFile; fileRef = EE200010EEEE000000000010 /* AppRobot.swift */; };
		EE200021EEEE000000000021 /* GuestJourneyTest.swift in Sources */ = {isa = PBXBuildFile; fileRef = EE200011EEEE000000000011 /* GuestJourneyTest.swift */; };
		EE200022EEEE000000000022 /* DeepLinkJourneyTest.swift in Sources */ = {isa = PBXBuildFile; fileRef = EE200012EEEE000000000012 /* DeepLinkJourneyTest.swift */; };
		EE200023EEEE000000000023 /* OrderJourneyTest.swift in Sources */ = {isa = PBXBuildFile; fileRef = EE200013EEEE000000000013 /* OrderJourneyTest.swift */; };
		EE200024EEEE000000000024 /* StartupPerformanceTest.swift in Sources */ = {isa = PBXBuildFile; fileRef = EE200014EEEE000000000014 /* StartupPerformanceTest.swift */; };
/* End PBXBuildFile section */

/* Begin PBXContainerItemProxy section */
		B47BF3E5862426ADDFE60052 /* PBXContainerItemProxy */ = {
			isa = PBXContainerItemProxy;
			containerPortal = 2A1B6A782B0A000100123469 /* Project object */;
			proxyType = 1;
			remoteGlobalIDString = 2A1B6A7F2B0A000100123465;
			remoteInfo = iosApp;
		};
		EE200060EEEE000000000060 /* PBXContainerItemProxy */ = {
			isa = PBXContainerItemProxy;
			containerPortal = 2A1B6A782B0A000100123469 /* Project object */;
			proxyType = 1;
			remoteGlobalIDString = 2A1B6A7F2B0A000100123465;
			remoteInfo = iosApp;
		};
/* End PBXContainerItemProxy section */

/* Begin PBXFileReference section */
		2A1B6A802B0A00010012345F /* iosApp.app */ = {isa = PBXFileReference; explicitFileType = wrapper.application; includeInIndex = 0; path = iosApp.app; sourceTree = BUILT_PRODUCTS_DIR; };
		2A1B6A892B0A00010012345A /* MockDonaldsApp.swift */ = {isa = PBXFileReference; lastKnownFileType = sourcecode.swift; path = MockDonaldsApp.swift; sourceTree = "<group>"; };
		2A1B6A8B2B0A00010012345B /* AppDelegate.swift */ = {isa = PBXFileReference; lastKnownFileType = sourcecode.swift; path = AppDelegate.swift; sourceTree = "<group>"; };
		2A1B6A8D2B0A00010012345C /* CircuitView.swift */ = {isa = PBXFileReference; lastKnownFileType = sourcecode.swift; path = CircuitView.swift; sourceTree = "<group>"; };
		2A1B6A8F2B0A00010012345D /* CircuitContent.swift */ = {isa = PBXFileReference; lastKnownFileType = sourcecode.swift; path = CircuitContent.swift; sourceTree = "<group>"; };
		2A1B6A912B0A00010012345E /* CircuitStack.swift */ = {isa = PBXFileReference; lastKnownFileType = sourcecode.swift; path = CircuitStack.swift; sourceTree = "<group>"; };
		2A1B6A932B0A00010012345F /* Info.plist */ = {isa = PBXFileReference; lastKnownFileType = text.plist.xml; path = Info.plist; sourceTree = "<group>"; };
		2DAB47242F82D91200717705 /* Assets.xcassets */ = {isa = PBXFileReference; lastKnownFileType = folder.assetcatalog; path = Assets.xcassets; sourceTree = "<group>"; };
		2F5BACDF6DC1E6C3703B84D2 /* RewardsStateRobot.swift */ = {isa = PBXFileReference; includeInIndex = 1; lastKnownFileType = sourcecode.swift; path = RewardsStateRobot.swift; sourceTree = "<group>"; };
		3A1C7B002C0A000100100001 /* Circuit.swift */ = {isa = PBXFileReference; lastKnownFileType = sourcecode.swift; path = Circuit.swift; sourceTree = "<group>"; };
		B1A2C3D4E5F6A7B8C9D0E1F5 /* AdaptiveLayout.swift */ = {isa = PBXFileReference; lastKnownFileType = sourcecode.swift; path = AdaptiveLayout.swift; sourceTree = "<group>"; };
		3A1C7B022C0A000100100002 /* MockDonaldsTheme.swift */ = {isa = PBXFileReference; lastKnownFileType = sourcecode.swift; path = MockDonaldsTheme.swift; sourceTree = "<group>"; };
		3A1C7B042C0A000100100003 /* HomeView.swift */ = {isa = PBXFileReference; lastKnownFileType = sourcecode.swift; path = HomeView.swift; sourceTree = "<group>"; };
		3A1C7B062C0A000100100004 /* OrderView.swift */ = {isa = PBXFileReference; lastKnownFileType = sourcecode.swift; path = OrderView.swift; sourceTree = "<group>"; };
		3A1C7B082C0A000100100005 /* RewardsView.swift */ = {isa = PBXFileReference; lastKnownFileType = sourcecode.swift; path = RewardsView.swift; sourceTree = "<group>"; };
		3A1C7B0A2C0A000100100006 /* ScanView.swift */ = {isa = PBXFileReference; lastKnownFileType = sourcecode.swift; path = ScanView.swift; sourceTree = "<group>"; };
		3A1C7B0C2C0A000100100007 /* MoreView.swift */ = {isa = PBXFileReference; lastKnownFileType = sourcecode.swift; path = MoreView.swift; sourceTree = "<group>"; };
		47030C030A9A404F3DB59815 /* ScanStateRobot.swift */ = {isa = PBXFileReference; includeInIndex = 1; lastKnownFileType = sourcecode.swift; path = ScanStateRobot.swift; sourceTree = "<group>"; };
		4C2FECF2564C8AD2C98E0191 /* OrderViewRobot.swift */ = {isa = PBXFileReference; includeInIndex = 1; lastKnownFileType = sourcecode.swift; path = OrderViewRobot.swift; sourceTree = "<group>"; };
		4E8CF74CB8120042F7576C84 /* RewardsViewRobot.swift */ = {isa = PBXFileReference; includeInIndex = 1; lastKnownFileType = sourcecode.swift; path = RewardsViewRobot.swift; sourceTree = "<group>"; };
		5E6D80BA5173193802F0CA30 /* Foundation.framework */ = {isa = PBXFileReference; lastKnownFileType = wrapper.framework; name = Foundation.framework; path = Platforms/iPhoneOS.platform/Developer/SDKs/iPhoneOS18.0.sdk/System/Library/Frameworks/Foundation.framework; sourceTree = DEVELOPER_DIR; };
		6B91828C89CC6DCB923C2936 /* OrderStateRobot.swift */ = {isa = PBXFileReference; includeInIndex = 1; lastKnownFileType = sourcecode.swift; path = OrderStateRobot.swift; sourceTree = "<group>"; };
		7D1D15903213C7D13E2ED8DE /* OrderViewTest.swift */ = {isa = PBXFileReference; includeInIndex = 1; lastKnownFileType = sourcecode.swift; path = OrderViewTest.swift; sourceTree = "<group>"; };
		8F5AFDA1D48BF1DCC2A0AA17 /* MoreViewRobot.swift */ = {isa = PBXFileReference; includeInIndex = 1; lastKnownFileType = sourcecode.swift; path = MoreViewRobot.swift; sourceTree = "<group>"; };
		B327F071FB5FB234E9888D1A /* RewardsViewTest.swift */ = {isa = PBXFileReference; includeInIndex = 1; lastKnownFileType = sourcecode.swift; path = RewardsViewTest.swift; sourceTree = "<group>"; };
		C1A8ED938FEF9C1BD828E87C /* HomeViewRobot.swift */ = {isa = PBXFileReference; includeInIndex = 1; lastKnownFileType = sourcecode.swift; path = HomeViewRobot.swift; sourceTree = "<group>"; };
		C567766B567EE9C3E5A66BE5 /* HomeStateRobot.swift */ = {isa = PBXFileReference; includeInIndex = 1; lastKnownFileType = sourcecode.swift; path = HomeStateRobot.swift; sourceTree = "<group>"; };
		C8D50DFB3665CC5598561B45 /* StateRobot.swift */ = {isa = PBXFileReference; includeInIndex = 1; lastKnownFileType = sourcecode.swift; path = StateRobot.swift; sourceTree = "<group>"; };
		CAEADA74764137820F0606D3 /* iosAppTests.xctest */ = {isa = PBXFileReference; explicitFileType = wrapper.cfbundle; includeInIndex = 0; path = iosAppTests.xctest; sourceTree = BUILT_PRODUCTS_DIR; };
		D308AE269880FF05B2F95A6A /* ScanViewTest.swift */ = {isa = PBXFileReference; includeInIndex = 1; lastKnownFileType = sourcecode.swift; path = ScanViewTest.swift; sourceTree = "<group>"; };
		DDE83391F0042238028012AF /* ScanViewRobot.swift */ = {isa = PBXFileReference; includeInIndex = 1; lastKnownFileType = sourcecode.swift; path = ScanViewRobot.swift; sourceTree = "<group>"; };
		F6173708533DBC5267F31A2C /* MoreViewTest.swift */ = {isa = PBXFileReference; includeInIndex = 1; lastKnownFileType = sourcecode.swift; path = MoreViewTest.swift; sourceTree = "<group>"; };
		FDBDC98EE92C1069DBBF31E0 /* MoreStateRobot.swift */ = {isa = PBXFileReference; includeInIndex = 1; lastKnownFileType = sourcecode.swift; path = MoreStateRobot.swift; sourceTree = "<group>"; };
		FE6929F479ACC98EB6607900 /* HomeViewTest.swift */ = {isa = PBXFileReference; includeInIndex = 1; lastKnownFileType = sourcecode.swift; path = HomeViewTest.swift; sourceTree = "<group>"; };
		FF100002FFFF000000000002 /* PlaceholderUnitTest.swift */ = {isa = PBXFileReference; includeInIndex = 1; lastKnownFileType = sourcecode.swift; path = PlaceholderUnitTest.swift; sourceTree = "<group>"; };
		AA100001AAAA000000000001 /* CircuitNavigator.swift */ = {isa = PBXFileReference; lastKnownFileType = sourcecode.swift; path = CircuitNavigator.swift; sourceTree = "<group>"; };
		AA100002AAAA000000000002 /* LoginView.swift */ = {isa = PBXFileReference; lastKnownFileType = sourcecode.swift; path = LoginView.swift; sourceTree = "<group>"; };
		BB100001BBBB000000000001 /* ProfileView.swift */ = {isa = PBXFileReference; lastKnownFileType = sourcecode.swift; path = ProfileView.swift; sourceTree = "<group>"; };
		AA100003AAAA000000000003 /* LoginStateRobot.swift */ = {isa = PBXFileReference; includeInIndex = 1; lastKnownFileType = sourcecode.swift; path = LoginStateRobot.swift; sourceTree = "<group>"; };
		AA100004AAAA000000000004 /* LoginViewRobot.swift */ = {isa = PBXFileReference; includeInIndex = 1; lastKnownFileType = sourcecode.swift; path = LoginViewRobot.swift; sourceTree = "<group>"; };
		AA100005AAAA000000000005 /* LoginViewTest.swift */ = {isa = PBXFileReference; includeInIndex = 1; lastKnownFileType = sourcecode.swift; path = LoginViewTest.swift; sourceTree = "<group>"; };
		CC100001CCCC000000000001 /* ProfileStateRobot.swift */ = {isa = PBXFileReference; includeInIndex = 1; lastKnownFileType = sourcecode.swift; path = ProfileStateRobot.swift; sourceTree = "<group>"; };
		CC100002CCCC000000000002 /* ProfileViewRobot.swift */ = {isa = PBXFileReference; includeInIndex = 1; lastKnownFileType = sourcecode.swift; path = ProfileViewRobot.swift; sourceTree = "<group>"; };
		CC100003CCCC000000000003 /* ProfileViewTest.swift */ = {isa = PBXFileReference; includeInIndex = 1; lastKnownFileType = sourcecode.swift; path = ProfileViewTest.swift; sourceTree = "<group>"; };
		DD100001DDDD000000000001 /* NavigationStateManager.swift */ = {isa = PBXFileReference; lastKnownFileType = sourcecode.swift; path = NavigationStateManager.swift; sourceTree = "<group>"; };
		DD100002DDDD000000000002 /* NavigationStateManagerTest.swift */ = {isa = PBXFileReference; includeInIndex = 1; lastKnownFileType = sourcecode.swift; path = NavigationStateManagerTest.swift; sourceTree = "<group>"; };
		DD100003DDDD000000000003 /* TabSwitchingTest.swift */ = {isa = PBXFileReference; includeInIndex = 1; lastKnownFileType = sourcecode.swift; path = TabSwitchingTest.swift; sourceTree = "<group>"; };
		DD100004DDDD000000000004 /* DeepLinkNavigationTest.swift */ = {isa = PBXFileReference; includeInIndex = 1; lastKnownFileType = sourcecode.swift; path = DeepLinkNavigationTest.swift; sourceTree = "<group>"; };
		DD100005DDDD000000000005 /* AuthFlowNavigationTest.swift */ = {isa = PBXFileReference; includeInIndex = 1; lastKnownFileType = sourcecode.swift; path = AuthFlowNavigationTest.swift; sourceTree = "<group>"; };
		EE200010EEEE000000000010 /* AppRobot.swift */ = {isa = PBXFileReference; lastKnownFileType = sourcecode.swift; path = AppRobot.swift; sourceTree = "<group>"; };
		EE200011EEEE000000000011 /* GuestJourneyTest.swift */ = {isa = PBXFileReference; lastKnownFileType = sourcecode.swift; path = GuestJourneyTest.swift; sourceTree = "<group>"; };
		EE200012EEEE000000000012 /* DeepLinkJourneyTest.swift */ = {isa = PBXFileReference; lastKnownFileType = sourcecode.swift; path = DeepLinkJourneyTest.swift; sourceTree = "<group>"; };
		EE200013EEEE000000000013 /* OrderJourneyTest.swift */ = {isa = PBXFileReference; lastKnownFileType = sourcecode.swift; path = OrderJourneyTest.swift; sourceTree = "<group>"; };
		EE200014EEEE000000000014 /* StartupPerformanceTest.swift */ = {isa = PBXFileReference; lastKnownFileType = sourcecode.swift; path = StartupPerformanceTest.swift; sourceTree = "<group>"; };
		EE200015EEEE000000000015 /* iosAppE2ETests.xctest */ = {isa = PBXFileReference; explicitFileType = wrapper.cfbundle; includeInIndex = 0; path = iosAppE2ETests.xctest; sourceTree = BUILT_PRODUCTS_DIR; };
		BC00000000000000000000B0 /* Base.xcconfig */ = {isa = PBXFileReference; lastKnownFileType = text.xcconfig; path = Base.xcconfig; sourceTree = "<group>"; };
		BC00000000000000000000B1 /* US-Dev.xcconfig */ = {isa = PBXFileReference; lastKnownFileType = text.xcconfig; path = "US-Dev.xcconfig"; sourceTree = "<group>"; };
		BC00000000000000000000B2 /* US-Prod.xcconfig */ = {isa = PBXFileReference; lastKnownFileType = text.xcconfig; path = "US-Prod.xcconfig"; sourceTree = "<group>"; };
		BC00000000000000000000B3 /* DE-Dev.xcconfig */ = {isa = PBXFileReference; lastKnownFileType = text.xcconfig; path = "DE-Dev.xcconfig"; sourceTree = "<group>"; };
		BC00000000000000000000B4 /* DE-Prod.xcconfig */ = {isa = PBXFileReference; lastKnownFileType = text.xcconfig; path = "DE-Prod.xcconfig"; sourceTree = "<group>"; };
/* End PBXFileReference section */

/* Begin PBXFrameworksBuildPhase section */
		2A1B6A7D2B0A000100123460 /* Frameworks */ = {
			isa = PBXFrameworksBuildPhase;
			buildActionMask = 2147483647;
			files = (
				2D446A482F834E110014E455 /* KMPNativeCoroutinesCore in Frameworks */,
				2D446A462F834E110014E455 /* KMPNativeCoroutinesAsync in Frameworks */,
			);
			runOnlyForDeploymentPostprocessing = 0;
		};
		DA99A95E94159EB0ED3EEC3C /* Frameworks */ = {
			isa = PBXFrameworksBuildPhase;
			buildActionMask = 2147483647;
			files = (
				313B2CEE83289F7C2A4C31FF /* Foundation.framework in Frameworks */,
				A1B2C3D4E5F6A7B8C9D0E1F4 /* ViewInspector in Frameworks */,
			);
			runOnlyForDeploymentPostprocessing = 0;
		};
		EE200041EEEE000000000041 /* Frameworks */ = {
			isa = PBXFrameworksBuildPhase;
			buildActionMask = 2147483647;
			files = (
			);
			runOnlyForDeploymentPostprocessing = 0;
		};
/* End PBXFrameworksBuildPhase section */

/* Begin PBXGroup section */
		01E8709B2A09624D4A7D7595 /* Scan */ = {
			isa = PBXGroup;
			children = (
				47030C030A9A404F3DB59815 /* ScanStateRobot.swift */,
				DDE83391F0042238028012AF /* ScanViewRobot.swift */,
				D308AE269880FF05B2F95A6A /* ScanViewTest.swift */,
			);
			path = Scan;
			sourceTree = "<group>";
		};
		18552AC73484C61F68B7E387 /* iosAppTests */ = {
			isa = PBXGroup;
			children = (
				FF100001FFFF000000000001 /* Unit */,
				EE200001EEEE000000000001 /* UIComponent */,
				DD100006DDDD000000000006 /* NavInt */,
			);
			path = iosAppTests;
			sourceTree = "<group>";
		};
		FF100001FFFF000000000001 /* Unit */ = {
			isa = PBXGroup;
			children = (
				FF100002FFFF000000000002 /* PlaceholderUnitTest.swift */,
			);
			path = Unit;
			sourceTree = "<group>";
		};
		EE200001EEEE000000000001 /* UIComponent */ = {
			isa = PBXGroup;
			children = (
				C8D50DFB3665CC5598561B45 /* StateRobot.swift */,
				F88212F5C61471C5C5481A64 /* Home */,
				C137C0221B5ED4286E913D87 /* Order */,
				8138BF1707098B060884A036 /* Rewards */,
				01E8709B2A09624D4A7D7595 /* Scan */,
				8791E5D3427617818943090D /* More */,
				AA100007AAAA000000000007 /* Login */,
				CC100004CCCC000000000004 /* Profile */,
			);
			path = UIComponent;
			sourceTree = "<group>";
		};
		AA100007AAAA000000000007 /* Login */ = {
			isa = PBXGroup;
			children = (
				AA100003AAAA000000000003 /* LoginStateRobot.swift */,
				AA100004AAAA000000000004 /* LoginViewRobot.swift */,
				AA100005AAAA000000000005 /* LoginViewTest.swift */,
			);
			path = Login;
			sourceTree = "<group>";
		};
		CC100004CCCC000000000004 /* Profile */ = {
			isa = PBXGroup;
			children = (
				CC100001CCCC000000000001 /* ProfileStateRobot.swift */,
				CC100002CCCC000000000002 /* ProfileViewRobot.swift */,
				CC100003CCCC000000000003 /* ProfileViewTest.swift */,
			);
			path = Profile;
			sourceTree = "<group>";
		};
		DD100006DDDD000000000006 /* NavInt */ = {
			isa = PBXGroup;
			children = (
				DD100007DDDD000000000007 /* Navigation */,
				DD100008DDDD000000000008 /* Integration */,
			);
			path = NavInt;
			sourceTree = "<group>";
		};
		DD100007DDDD000000000007 /* Navigation */ = {
			isa = PBXGroup;
			children = (
				DD100002DDDD000000000002 /* NavigationStateManagerTest.swift */,
				DD100003DDDD000000000003 /* TabSwitchingTest.swift */,
				DD100004DDDD000000000004 /* DeepLinkNavigationTest.swift */,
			);
			path = Navigation;
			sourceTree = "<group>";
		};
		DD100008DDDD000000000008 /* Integration */ = {
			isa = PBXGroup;
			children = (
				DD100005DDDD000000000005 /* AuthFlowNavigationTest.swift */,
			);
			path = Integration;
			sourceTree = "<group>";
		};
		EE200030EEEE000000000030 /* iosAppE2ETests */ = {
			isa = PBXGroup;
			children = (
				EE200031EEEE000000000031 /* Robots */,
				EE200032EEEE000000000032 /* Suites */,
				EE200033EEEE000000000033 /* Benchmarks */,
			);
			path = iosAppE2ETests;
			sourceTree = "<group>";
		};
		EE200031EEEE000000000031 /* Robots */ = {
			isa = PBXGroup;
			children = (
				EE200010EEEE000000000010 /* AppRobot.swift */,
			);
			path = Robots;
			sourceTree = "<group>";
		};
		EE200032EEEE000000000032 /* Suites */ = {
			isa = PBXGroup;
			children = (
				EE200011EEEE000000000011 /* GuestJourneyTest.swift */,
				EE200012EEEE000000000012 /* DeepLinkJourneyTest.swift */,
				EE200013EEEE000000000013 /* OrderJourneyTest.swift */,
			);
			path = Suites;
			sourceTree = "<group>";
		};
		EE200033EEEE000000000033 /* Benchmarks */ = {
			isa = PBXGroup;
			children = (
				EE200014EEEE000000000014 /* StartupPerformanceTest.swift */,
			);
			path = Benchmarks;
			sourceTree = "<group>";
		};
		2A1B6A772B0A000100123461 = {
			isa = PBXGroup;
			children = (
				2DAB47242F82D91200717705 /* Assets.xcassets */,
				2A1B6A822B0A000100123462 /* iosApp */,
				BC00000000000000000000C0 /* Configuration */,
				2A1B6A812B0A000100123463 /* Products */,
				D28B52E10DDCFDA65FC0ACBF /* Frameworks */,
				18552AC73484C61F68B7E387 /* iosAppTests */,
				EE200030EEEE000000000030 /* iosAppE2ETests */,
			);
			sourceTree = "<group>";
		};
		BC00000000000000000000C0 /* Configuration */ = {
			isa = PBXGroup;
			children = (
				BC00000000000000000000B0 /* Base.xcconfig */,
				BC00000000000000000000B1 /* US-Dev.xcconfig */,
				BC00000000000000000000B2 /* US-Prod.xcconfig */,
				BC00000000000000000000B3 /* DE-Dev.xcconfig */,
				BC00000000000000000000B4 /* DE-Prod.xcconfig */,
			);
			path = Configuration;
			sourceTree = "<group>";
		};
		2A1B6A812B0A000100123463 /* Products */ = {
			isa = PBXGroup;
			children = (
				2A1B6A802B0A00010012345F /* iosApp.app */,
				CAEADA74764137820F0606D3 /* iosAppTests.xctest */,
				EE200015EEEE000000000015 /* iosAppE2ETests.xctest */,
			);
			name = Products;
			sourceTree = "<group>";
		};
		2A1B6A822B0A000100123462 /* iosApp */ = {
			isa = PBXGroup;
			children = (
				2A1B6A892B0A00010012345A /* MockDonaldsApp.swift */,
				2A1B6A8B2B0A00010012345B /* AppDelegate.swift */,
				2A1B6A932B0A00010012345F /* Info.plist */,
				3A1C7B102C0A000100100010 /* Circuit */,
				3A1C7B112C0A000100100011 /* Theme */,
				3A1C7B122C0A000100100012 /* Features */,
			);
			path = iosApp;
			sourceTree = "<group>";
		};
		3A1C7B102C0A000100100010 /* Circuit */ = {
			isa = PBXGroup;
			children = (
				3A1C7B002C0A000100100001 /* Circuit.swift */,
				2A1B6A8D2B0A00010012345C /* CircuitView.swift */,
				2A1B6A8F2B0A00010012345D /* CircuitContent.swift */,
				2A1B6A912B0A00010012345E /* CircuitStack.swift */,
				AA100001AAAA000000000001 /* CircuitNavigator.swift */,
				DD100001DDDD000000000001 /* NavigationStateManager.swift */,
			);
			path = Circuit;
			sourceTree = "<group>";
		};
		3A1C7B112C0A000100100011 /* Theme */ = {
			isa = PBXGroup;
			children = (
				B1A2C3D4E5F6A7B8C9D0E1F5 /* AdaptiveLayout.swift */,
				3A1C7B022C0A000100100002 /* MockDonaldsTheme.swift */,
			);
			path = Theme;
			sourceTree = "<group>";
		};
		3A1C7B122C0A000100100012 /* Features */ = {
			isa = PBXGroup;
			children = (
				3A1C7B132C0A000100100013 /* Home */,
				3A1C7B142C0A000100100014 /* Order */,
				3A1C7B152C0A000100100015 /* Rewards */,
				3A1C7B162C0A000100100016 /* Scan */,
				3A1C7B172C0A000100100017 /* More */,
				AA100006AAAA000000000006 /* Login */,
				BB100002BBBB000000000002 /* Profile */,
			);
			path = Features;
			sourceTree = "<group>";
		};
		3A1C7B132C0A000100100013 /* Home */ = {
			isa = PBXGroup;
			children = (
				3A1C7B042C0A000100100003 /* HomeView.swift */,
			);
			path = Home;
			sourceTree = "<group>";
		};
		3A1C7B142C0A000100100014 /* Order */ = {
			isa = PBXGroup;
			children = (
				3A1C7B062C0A000100100004 /* OrderView.swift */,
			);
			path = Order;
			sourceTree = "<group>";
		};
		3A1C7B152C0A000100100015 /* Rewards */ = {
			isa = PBXGroup;
			children = (
				3A1C7B082C0A000100100005 /* RewardsView.swift */,
			);
			path = Rewards;
			sourceTree = "<group>";
		};
		3A1C7B162C0A000100100016 /* Scan */ = {
			isa = PBXGroup;
			children = (
				3A1C7B0A2C0A000100100006 /* ScanView.swift */,
			);
			path = Scan;
			sourceTree = "<group>";
		};
		3A1C7B172C0A000100100017 /* More */ = {
			isa = PBXGroup;
			children = (
				3A1C7B0C2C0A000100100007 /* MoreView.swift */,
			);
			path = More;
			sourceTree = "<group>";
		};
		AA100006AAAA000000000006 /* Login */ = {
			isa = PBXGroup;
			children = (
				AA100002AAAA000000000002 /* LoginView.swift */,
			);
			path = Login;
			sourceTree = "<group>";
		};
		BB100002BBBB000000000002 /* Profile */ = {
			isa = PBXGroup;
			children = (
				BB100001BBBB000000000001 /* ProfileView.swift */,
			);
			path = Profile;
			sourceTree = "<group>";
		};
		8138BF1707098B060884A036 /* Rewards */ = {
			isa = PBXGroup;
			children = (
				2F5BACDF6DC1E6C3703B84D2 /* RewardsStateRobot.swift */,
				4E8CF74CB8120042F7576C84 /* RewardsViewRobot.swift */,
				B327F071FB5FB234E9888D1A /* RewardsViewTest.swift */,
			);
			path = Rewards;
			sourceTree = "<group>";
		};
		8791E5D3427617818943090D /* More */ = {
			isa = PBXGroup;
			children = (
				FDBDC98EE92C1069DBBF31E0 /* MoreStateRobot.swift */,
				8F5AFDA1D48BF1DCC2A0AA17 /* MoreViewRobot.swift */,
				F6173708533DBC5267F31A2C /* MoreViewTest.swift */,
			);
			path = More;
			sourceTree = "<group>";
		};
		C137C0221B5ED4286E913D87 /* Order */ = {
			isa = PBXGroup;
			children = (
				6B91828C89CC6DCB923C2936 /* OrderStateRobot.swift */,
				4C2FECF2564C8AD2C98E0191 /* OrderViewRobot.swift */,
				7D1D15903213C7D13E2ED8DE /* OrderViewTest.swift */,
			);
			path = Order;
			sourceTree = "<group>";
		};
		D28B52E10DDCFDA65FC0ACBF /* Frameworks */ = {
			isa = PBXGroup;
			children = (
				E5B5F04884AA1250476C4AC5 /* iOS */,
			);
			name = Frameworks;
			sourceTree = "<group>";
		};
		E5B5F04884AA1250476C4AC5 /* iOS */ = {
			isa = PBXGroup;
			children = (
				5E6D80BA5173193802F0CA30 /* Foundation.framework */,
			);
			name = iOS;
			sourceTree = "<group>";
		};
		F88212F5C61471C5C5481A64 /* Home */ = {
			isa = PBXGroup;
			children = (
				C567766B567EE9C3E5A66BE5 /* HomeStateRobot.swift */,
				C1A8ED938FEF9C1BD828E87C /* HomeViewRobot.swift */,
				FE6929F479ACC98EB6607900 /* HomeViewTest.swift */,
			);
			path = Home;
			sourceTree = "<group>";
		};
/* End PBXGroup section */

/* Begin PBXNativeTarget section */
		2A1B6A7F2B0A000100123465 /* iosApp */ = {
			isa = PBXNativeTarget;
			buildConfigurationList = 2A1B6A9E2B0A000100123466 /* Build configuration list for PBXNativeTarget "iosApp" */;
			buildPhases = (
				2A1B6AA12B0A000100123470 /* Compile Kotlin Framework */,
				2A1B6A7C2B0A000100123467 /* Sources */,
				2A1B6A7D2B0A000100123460 /* Frameworks */,
				2A1B6A7E2B0A000100123468 /* Resources */,
			);
			buildRules = (
			);
			dependencies = (
			);
			name = iosApp;
			packageProductDependencies = (
				2D446A452F834E110014E455 /* KMPNativeCoroutinesAsync */,
				2D446A472F834E110014E455 /* KMPNativeCoroutinesCore */,
			);
			productName = iosApp;
			productReference = 2A1B6A802B0A00010012345F /* iosApp.app */;
			productType = "com.apple.product-type.application";
		};
		7606691AADF7CFD9FE78635B /* iosAppTests */ = {
			isa = PBXNativeTarget;
			buildConfigurationList = 3F9CD0B3C5273A912B844B3B /* Build configuration list for PBXNativeTarget "iosAppTests" */;
			buildPhases = (
				C30491A7F95966E283723F09 /* Sources */,
				DA99A95E94159EB0ED3EEC3C /* Frameworks */,
				149A589B91480E0D00E0A90F /* Resources */,
			);
			buildRules = (
			);
			dependencies = (
				77F177CE42B819A039934F2F /* PBXTargetDependency */,
			);
			name = iosAppTests;
			packageProductDependencies = (
				A1B2C3D4E5F6A7B8C9D0E1F3 /* ViewInspector */,
			);
			productName = iosAppTests;
			productReference = CAEADA74764137820F0606D3 /* iosAppTests.xctest */;
			productType = "com.apple.product-type.bundle.unit-test";
		};
		EE200050EEEE000000000050 /* iosAppE2ETests */ = {
			isa = PBXNativeTarget;
			buildConfigurationList = EE200072EEEE000000000072 /* Build configuration list for PBXNativeTarget "iosAppE2ETests" */;
			buildPhases = (
				EE200040EEEE000000000040 /* Sources */,
				EE200041EEEE000000000041 /* Frameworks */,
				EE200042EEEE000000000042 /* Resources */,
			);
			buildRules = (
			);
			dependencies = (
				EE200061EEEE000000000061 /* PBXTargetDependency */,
			);
			name = iosAppE2ETests;
			productName = iosAppE2ETests;
			productReference = EE200015EEEE000000000015 /* iosAppE2ETests.xctest */;
			productType = "com.apple.product-type.bundle.ui-testing";
		};
/* End PBXNativeTarget section */

/* Begin PBXProject section */
		2A1B6A782B0A000100123469 /* Project object */ = {
			isa = PBXProject;
			attributes = {
				BuildIndependentTargetsInParallel = 1;
				LastSwiftUpdateCheck = 1500;
				LastUpgradeCheck = 1500;
				TargetAttributes = {
					2A1B6A7F2B0A000100123465 = {
						CreatedOnToolsVersion = 15.0;
					};
					EE200050EEEE000000000050 = {
						CreatedOnToolsVersion = 15.0;
						TestTargetID = 2A1B6A7F2B0A000100123465;
					};
				};
			};
			buildConfigurationList = 2A1B6A7B2B0A00010012346A /* Build configuration list for PBXProject "iosApp" */;
			compatibilityVersion = "Xcode 14.0";
			developmentRegion = en;
			hasScannedForEncodings = 0;
			knownRegions = (
				en,
				Base,
			);
			mainGroup = 2A1B6A772B0A000100123461;
			packageReferences = (
				2D446A442F834E110014E455 /* XCRemoteSwiftPackageReference "KMP-NativeCoroutines" */,
				A1B2C3D4E5F6A7B8C9D0E1F2 /* XCRemoteSwiftPackageReference "ViewInspector" */,
			);
			productRefGroup = 2A1B6A812B0A000100123463 /* Products */;
			projectDirPath = "";
			projectRoot = "";
			targets = (
				2A1B6A7F2B0A000100123465 /* iosApp */,
				7606691AADF7CFD9FE78635B /* iosAppTests */,
				EE200050EEEE000000000050 /* iosAppE2ETests */,
			);
		};
/* End PBXProject section */

/* Begin PBXResourcesBuildPhase section */
		149A589B91480E0D00E0A90F /* Resources */ = {
			isa = PBXResourcesBuildPhase;
			buildActionMask = 2147483647;
			files = (
			);
			runOnlyForDeploymentPostprocessing = 0;
		};
		2A1B6A7E2B0A000100123468 /* Resources */ = {
			isa = PBXResourcesBuildPhase;
			buildActionMask = 2147483647;
			files = (
				2DAB47252F82D91200717705 /* Assets.xcassets in Resources */,
			);
			runOnlyForDeploymentPostprocessing = 0;
		};
		EE200042EEEE000000000042 /* Resources */ = {
			isa = PBXResourcesBuildPhase;
			buildActionMask = 2147483647;
			files = (
			);
			runOnlyForDeploymentPostprocessing = 0;
		};
/* End PBXResourcesBuildPhase section */

/* Begin PBXShellScriptBuildPhase section */
		2A1B6AA12B0A000100123470 /* Compile Kotlin Framework */ = {
			isa = PBXShellScriptBuildPhase;
			buildActionMask = 2147483647;
			files = (
			);
			inputFileListPaths = (
			);
			inputPaths = (
			);
			name = "Compile Kotlin Framework";
			outputFileListPaths = (
			);
			outputPaths = (
			);
			runOnlyForDeploymentPostprocessing = 0;
			shellPath = /bin/sh;
			shellScript = "if [ \"YES\" = \"$OVERRIDE_KOTLIN_BUILD_IDE_SUPPORTED\" ]; then\n  echo \"Skipping Gradle build task invocation due to OVERRIDE_KOTLIN_BUILD_IDE_SUPPORTED environment variable set to \\\"YES\\\"\"\n  exit 0\nfi\nif [ -z \"${MARKET:-}\" ] || [ -z \"${ENV:-}\" ]; then\n  echo \"error: MARKET and ENV must be set by the active xcconfig (e.g. US-Dev, DE-Prod)\" >&2\n  exit 1\nfi\ncd \"$SRCROOT/..\"\n./gradlew :composeApp:embedAndSignAppleFrameworkForXcode -Pmarket=\"$MARKET\" -Penv=\"$ENV\"";
		};
/* End PBXShellScriptBuildPhase section */

/* Begin PBXSourcesBuildPhase section */
		2A1B6A7C2B0A000100123467 /* Sources */ = {
			isa = PBXSourcesBuildPhase;
			buildActionMask = 2147483647;
			files = (
				2A1B6A8A2B0A00010012345A /* MockDonaldsApp.swift in Sources */,
				2A1B6A8C2B0A00010012345B /* AppDelegate.swift in Sources */,
				3A1C7B012C0A000100100001 /* Circuit.swift in Sources */,
				2A1B6A8E2B0A00010012345C /* CircuitView.swift in Sources */,
				2A1B6A902B0A00010012345D /* CircuitContent.swift in Sources */,
				2A1B6A922B0A00010012345E /* CircuitStack.swift in Sources */,
				B1A2C3D4E5F6A7B8C9D0E1F6 /* AdaptiveLayout.swift in Sources */,
				3A1C7B032C0A000100100002 /* MockDonaldsTheme.swift in Sources */,
				3A1C7B052C0A000100100003 /* HomeView.swift in Sources */,
				3A1C7B072C0A000100100004 /* OrderView.swift in Sources */,
				3A1C7B092C0A000100100005 /* RewardsView.swift in Sources */,
				3A1C7B0B2C0A000100100006 /* ScanView.swift in Sources */,
				3A1C7B0D2C0A000100100007 /* MoreView.swift in Sources */,
				AA100001AAAA000100000001 /* CircuitNavigator.swift in Sources */,
				DD100001DDDD000100000001 /* NavigationStateManager.swift in Sources */,
				AA100002AAAA000100000002 /* LoginView.swift in Sources */,
				BB100001BBBB000100000001 /* ProfileView.swift in Sources */,
			);
			runOnlyForDeploymentPostprocessing = 0;
		};
		C30491A7F95966E283723F09 /* Sources */ = {
			isa = PBXSourcesBuildPhase;
			buildActionMask = 2147483647;
			files = (
				FF100003FFFF000000000003 /* PlaceholderUnitTest.swift in Sources */,
				AC0607E1D3E5CCDD97B13DE7 /* StateRobot.swift in Sources */,
				BF222A235485A03E839543DB /* HomeStateRobot.swift in Sources */,
				6C5CEAD5CE6711C2489C47DF /* HomeViewRobot.swift in Sources */,
				0B9261D306E8E87AD74C059C /* HomeViewTest.swift in Sources */,
				7B866A0CB8277D0632439366 /* OrderStateRobot.swift in Sources */,
				324D3095CE6871F4F2D39FBD /* OrderViewRobot.swift in Sources */,
				1A615F2852C7AA7D40C278AB /* OrderViewTest.swift in Sources */,
				6AB7311879DE457185285F19 /* RewardsStateRobot.swift in Sources */,
				2736A061DCC173B812508CC4 /* RewardsViewRobot.swift in Sources */,
				D83025297EF110A52CB99ACB /* RewardsViewTest.swift in Sources */,
				2AD11A235A7A21EA589D8377 /* ScanStateRobot.swift in Sources */,
				3F7FE3C243EA2474EC5ED9B3 /* ScanViewRobot.swift in Sources */,
				39A279A56CC242CC2400B2EC /* ScanViewTest.swift in Sources */,
				5C96DF5D52D5AB8A8543BF47 /* MoreStateRobot.swift in Sources */,
				BAEF5302BC73D422B5608270 /* MoreViewRobot.swift in Sources */,
				B24629462C0A24AA7D9DC57D /* MoreViewTest.swift in Sources */,
				AA100003AAAA000100000003 /* LoginStateRobot.swift in Sources */,
				AA100004AAAA000100000004 /* LoginViewRobot.swift in Sources */,
				AA100005AAAA000100000005 /* LoginViewTest.swift in Sources */,
				CC100001CCCC000100000001 /* ProfileStateRobot.swift in Sources */,
				CC100002CCCC000100000002 /* ProfileViewRobot.swift in Sources */,
				CC100003CCCC000100000003 /* ProfileViewTest.swift in Sources */,
				DD100002DDDD000100000002 /* NavigationStateManagerTest.swift in Sources */,
				DD100003DDDD000100000003 /* TabSwitchingTest.swift in Sources */,
				DD100004DDDD000100000004 /* DeepLinkNavigationTest.swift in Sources */,
				DD100005DDDD000100000005 /* AuthFlowNavigationTest.swift in Sources */,
			);
			runOnlyForDeploymentPostprocessing = 0;
		};
		EE200040EEEE000000000040 /* Sources */ = {
			isa = PBXSourcesBuildPhase;
			buildActionMask = 2147483647;
			files = (
				EE200020EEEE000000000020 /* AppRobot.swift in Sources */,
				EE200021EEEE000000000021 /* GuestJourneyTest.swift in Sources */,
				EE200022EEEE000000000022 /* DeepLinkJourneyTest.swift in Sources */,
				EE200023EEEE000000000023 /* OrderJourneyTest.swift in Sources */,
				EE200024EEEE000000000024 /* StartupPerformanceTest.swift in Sources */,
			);
			runOnlyForDeploymentPostprocessing = 0;
		};
/* End PBXSourcesBuildPhase section */

/* Begin PBXTargetDependency section */
		77F177CE42B819A039934F2F /* PBXTargetDependency */ = {
			isa = PBXTargetDependency;
			name = iosApp;
			target = 2A1B6A7F2B0A000100123465 /* iosApp */;
			targetProxy = B47BF3E5862426ADDFE60052 /* PBXContainerItemProxy */;
		};
		EE200061EEEE000000000061 /* PBXTargetDependency */ = {
			isa = PBXTargetDependency;
			name = iosApp;
			target = 2A1B6A7F2B0A000100123465 /* iosApp */;
			targetProxy = EE200060EEEE000000000060 /* PBXContainerItemProxy */;
		};
/* End PBXTargetDependency section */

/* Begin XCBuildConfiguration section */
		2A1B6A9B2B0A00010012346B /* US-Dev */ = {
			isa = XCBuildConfiguration;
			baseConfigurationReference = BC00000000000000000000B1 /* US-Dev.xcconfig */;
			buildSettings = {
				ALWAYS_SEARCH_USER_PATHS = NO;
				ASSETCATALOG_COMPILER_GENERATE_SWIFT_ASSET_SYMBOL_EXTENSIONS = YES;
				CLANG_ANALYZER_NONNULL = YES;
				CLANG_ANALYZER_NUMBER_OBJECT_CONVERSION = YES_AGGRESSIVE;
				CLANG_CXX_LANGUAGE_STANDARD = "gnu++20";
				CLANG_ENABLE_MODULES = YES;
				CLANG_ENABLE_OBJC_ARC = YES;
				CLANG_ENABLE_OBJC_WEAK = YES;
				CLANG_WARN_BLOCK_CAPTURE_AUTORELEASING = YES;
				CLANG_WARN_BOOL_CONVERSION = YES;
				CLANG_WARN_COMMA = YES;
				CLANG_WARN_CONSTANT_CONVERSION = YES;
				CLANG_WARN_DEPRECATED_OBJC_IMPLEMENTATIONS = YES;
				CLANG_WARN_DIRECT_OBJC_ISA_USAGE = YES_ERROR;
				CLANG_WARN_DOCUMENTATION_COMMENTS = YES;
				CLANG_WARN_EMPTY_BODY = YES;
				CLANG_WARN_ENUM_CONVERSION = YES;
				CLANG_WARN_INFINITE_RECURSION = YES;
				CLANG_WARN_INT_CONVERSION = YES;
				CLANG_WARN_NON_LITERAL_NULL_CONVERSION = YES;
				CLANG_WARN_OBJC_IMPLICIT_RETAIN_SELF = YES;
				CLANG_WARN_OBJC_LITERAL_CONVERSION = YES;
				CLANG_WARN_OBJC_ROOT_CLASS = YES_ERROR;
				CLANG_WARN_QUOTED_INCLUDE_IN_FRAMEWORK_HEADER = YES;
				CLANG_WARN_RANGE_LOOP_ANALYSIS = YES;
				CLANG_WARN_STRICT_PROTOTYPES = YES;
				CLANG_WARN_SUSPICIOUS_MOVE = YES;
				CLANG_WARN_UNGUARDED_AVAILABILITY = YES_AGGRESSIVE;
				CLANG_WARN_UNREACHABLE_CODE = YES;
				CLANG_WARN__DUPLICATE_METHOD_MATCH = YES;
				COPY_PHASE_STRIP = NO;
				DEBUG_INFORMATION_FORMAT = dwarf;
				ENABLE_STRICT_OBJC_MSGSEND = YES;
				ENABLE_TESTABILITY = YES;
				ENABLE_USER_SCRIPT_SANDBOXING = NO;
				GCC_C_LANGUAGE_STANDARD = gnu17;
				GCC_DYNAMIC_NO_PIC = NO;
				GCC_NO_COMMON_BLOCKS = YES;
				GCC_OPTIMIZATION_LEVEL = 0;
				GCC_PREPROCESSOR_DEFINITIONS = (
					"DEBUG=1",
					"$(inherited)",
				);
				GCC_WARN_64_TO_32_BIT_CONVERSION = YES;
				GCC_WARN_ABOUT_RETURN_TYPE = YES_ERROR;
				GCC_WARN_UNDECLARED_SELECTOR = YES;
				GCC_WARN_UNINITIALIZED_AUTOS = YES_AGGRESSIVE;
				GCC_WARN_UNUSED_FUNCTION = YES;
				GCC_WARN_UNUSED_VARIABLE = YES;
				IPHONEOS_DEPLOYMENT_TARGET = 16.0;
				LOCALIZATION_PREFERS_STRING_CATALOGS = YES;
				MTL_ENABLE_DEBUG_INFO = INCLUDE_SOURCE;
				MTL_FAST_MATH = YES;
				ONLY_ACTIVE_ARCH = YES;
				SDKROOT = iphoneos;
				SWIFT_ACTIVE_COMPILATION_CONDITIONS = "DEBUG $(inherited)";
				SWIFT_OPTIMIZATION_LEVEL = "-Onone";
			};
			name = "US-Dev";
		};
		2A1B6A9C2B0A00010012346C /* US-Prod */ = {
			isa = XCBuildConfiguration;
			baseConfigurationReference = BC00000000000000000000B2 /* US-Prod.xcconfig */;
			buildSettings = {
				ALWAYS_SEARCH_USER_PATHS = NO;
				ASSETCATALOG_COMPILER_GENERATE_SWIFT_ASSET_SYMBOL_EXTENSIONS = YES;
				CLANG_ANALYZER_NONNULL = YES;
				CLANG_ANALYZER_NUMBER_OBJECT_CONVERSION = YES_AGGRESSIVE;
				CLANG_CXX_LANGUAGE_STANDARD = "gnu++20";
				CLANG_ENABLE_MODULES = YES;
				CLANG_ENABLE_OBJC_ARC = YES;
				CLANG_ENABLE_OBJC_WEAK = YES;
				CLANG_WARN_BLOCK_CAPTURE_AUTORELEASING = YES;
				CLANG_WARN_BOOL_CONVERSION = YES;
				CLANG_WARN_COMMA = YES;
				CLANG_WARN_CONSTANT_CONVERSION = YES;
				CLANG_WARN_DEPRECATED_OBJC_IMPLEMENTATIONS = YES;
				CLANG_WARN_DIRECT_OBJC_ISA_USAGE = YES_ERROR;
				CLANG_WARN_DOCUMENTATION_COMMENTS = YES;
				CLANG_WARN_EMPTY_BODY = YES;
				CLANG_WARN_ENUM_CONVERSION = YES;
				CLANG_WARN_INFINITE_RECURSION = YES;
				CLANG_WARN_INT_CONVERSION = YES;
				CLANG_WARN_NON_LITERAL_NULL_CONVERSION = YES;
				CLANG_WARN_OBJC_IMPLICIT_RETAIN_SELF = YES;
				CLANG_WARN_OBJC_LITERAL_CONVERSION = YES;
				CLANG_WARN_OBJC_ROOT_CLASS = YES_ERROR;
				CLANG_WARN_QUOTED_INCLUDE_IN_FRAMEWORK_HEADER = YES;
				CLANG_WARN_RANGE_LOOP_ANALYSIS = YES;
				CLANG_WARN_STRICT_PROTOTYPES = YES;
				CLANG_WARN_SUSPICIOUS_MOVE = YES;
				CLANG_WARN_UNGUARDED_AVAILABILITY = YES_AGGRESSIVE;
				CLANG_WARN_UNREACHABLE_CODE = YES;
				CLANG_WARN__DUPLICATE_METHOD_MATCH = YES;
				COPY_PHASE_STRIP = NO;
				DEBUG_INFORMATION_FORMAT = "dwarf-with-dsym";
				ENABLE_NS_ASSERTIONS = NO;
				ENABLE_STRICT_OBJC_MSGSEND = YES;
				ENABLE_USER_SCRIPT_SANDBOXING = NO;
				GCC_C_LANGUAGE_STANDARD = gnu17;
				GCC_NO_COMMON_BLOCKS = YES;
				GCC_WARN_64_TO_32_BIT_CONVERSION = YES;
				GCC_WARN_ABOUT_RETURN_TYPE = YES_ERROR;
				GCC_WARN_UNDECLARED_SELECTOR = YES;
				GCC_WARN_UNINITIALIZED_AUTOS = YES_AGGRESSIVE;
				GCC_WARN_UNUSED_FUNCTION = YES;
				GCC_WARN_UNUSED_VARIABLE = YES;
				IPHONEOS_DEPLOYMENT_TARGET = 16.0;
				LOCALIZATION_PREFERS_STRING_CATALOGS = YES;
				MTL_ENABLE_DEBUG_INFO = NO;
				MTL_FAST_MATH = YES;
				SDKROOT = iphoneos;
				SWIFT_COMPILATION_MODE = wholemodule;
				VALIDATE_PRODUCT = YES;
			};
			name = "US-Prod";
		};
		2A1B6A9F2B0A00010012346D /* US-Dev */ = {
			isa = XCBuildConfiguration;
			baseConfigurationReference = BC00000000000000000000B1 /* US-Dev.xcconfig */;
			buildSettings = {
				ASSETCATALOG_COMPILER_APPICON_NAME = AppIcon;
				CODE_SIGN_STYLE = Automatic;
				CURRENT_PROJECT_VERSION = 1;
				DEVELOPMENT_TEAM = "${TEAM_ID}";
				FRAMEWORK_SEARCH_PATHS = (
					"$(inherited)",
					"$(SRCROOT)/../composeApp/build/xcode-frameworks/$(CONFIGURATION)/$(SDK_NAME)",
				);
				GENERATE_INFOPLIST_FILE = YES;
				INFOPLIST_FILE = iosApp/Info.plist;
				INFOPLIST_KEY_CFBundleDisplayName = MockDonalds;
				INFOPLIST_KEY_UIApplicationSceneManifest_Generation = YES;
				INFOPLIST_KEY_UIApplicationSupportsIndirectInputEvents = YES;
				INFOPLIST_KEY_UILaunchScreen_Generation = YES;
				INFOPLIST_KEY_UISupportedInterfaceOrientations = UIInterfaceOrientationPortrait;
				LD_RUNPATH_SEARCH_PATHS = (
					"$(inherited)",
					"@executable_path/Frameworks",
				);
				MARKETING_VERSION = 1.0.0;
				OTHER_LDFLAGS = (
					"$(inherited)",
					"-framework",
					ComposeApp,
				);
				PRODUCT_NAME = "$(TARGET_NAME)";
				SWIFT_EMIT_LOC_STRINGS = YES;
				SWIFT_VERSION = 5.0;
				TARGETED_DEVICE_FAMILY = "1,2";
			};
			name = "US-Dev";
		};
		2A1B6AA02B0A00010012346E /* US-Prod */ = {
			isa = XCBuildConfiguration;
			baseConfigurationReference = BC00000000000000000000B2 /* US-Prod.xcconfig */;
			buildSettings = {
				ASSETCATALOG_COMPILER_APPICON_NAME = AppIcon;
				CODE_SIGN_STYLE = Automatic;
				CURRENT_PROJECT_VERSION = 1;
				DEVELOPMENT_TEAM = "";
				FRAMEWORK_SEARCH_PATHS = (
					"$(inherited)",
					"$(SRCROOT)/../composeApp/build/xcode-frameworks/$(CONFIGURATION)/$(SDK_NAME)",
				);
				GENERATE_INFOPLIST_FILE = YES;
				INFOPLIST_FILE = iosApp/Info.plist;
				INFOPLIST_KEY_CFBundleDisplayName = MockDonalds;
				INFOPLIST_KEY_UIApplicationSceneManifest_Generation = YES;
				INFOPLIST_KEY_UIApplicationSupportsIndirectInputEvents = YES;
				INFOPLIST_KEY_UILaunchScreen_Generation = YES;
				INFOPLIST_KEY_UISupportedInterfaceOrientations = UIInterfaceOrientationPortrait;
				LD_RUNPATH_SEARCH_PATHS = (
					"$(inherited)",
					"@executable_path/Frameworks",
				);
				MARKETING_VERSION = 1.0.0;
				OTHER_LDFLAGS = (
					"$(inherited)",
					"-framework",
					ComposeApp,
				);
				PRODUCT_NAME = "$(TARGET_NAME)";
				SWIFT_EMIT_LOC_STRINGS = YES;
				SWIFT_VERSION = 5.0;
				TARGETED_DEVICE_FAMILY = "1,2";
			};
			name = "US-Prod";
		};
		6C229A7AB97B19CAE342E766 /* US-Dev */ = {
			isa = XCBuildConfiguration;
			buildSettings = {
				BUNDLE_LOADER = "$(TEST_HOST)";
				CODE_SIGN_STYLE = Automatic;
				CURRENT_PROJECT_VERSION = 1;
				FRAMEWORK_SEARCH_PATHS = (
					"$(inherited)",
					"$(SRCROOT)/../composeApp/build/xcode-frameworks/$(CONFIGURATION)/$(SDK_NAME)",
				);
				GENERATE_INFOPLIST_FILE = YES;
				MARKETING_VERSION = 1.0;
				OTHER_LDFLAGS = (
					"$(inherited)",
					"-framework",
					ComposeApp,
				);
				PRODUCT_BUNDLE_IDENTIFIER = com.mockdonalds.app.tests;
				PRODUCT_NAME = "$(TARGET_NAME)";
				SWIFT_EMIT_LOC_STRINGS = NO;
				SWIFT_VERSION = 5.0;
				TARGETED_DEVICE_FAMILY = "1,2";
				TEST_HOST = "$(BUILT_PRODUCTS_DIR)/iosApp.app/$(BUNDLE_EXECUTABLE_FOLDER_PATH)/iosApp";
			};
			name = "US-Dev";
		};
		E09D7FCB049B7033A7AFC5A6 /* US-Prod */ = {
			isa = XCBuildConfiguration;
			buildSettings = {
				BUNDLE_LOADER = "$(TEST_HOST)";
				CODE_SIGN_STYLE = Automatic;
				CURRENT_PROJECT_VERSION = 1;
				FRAMEWORK_SEARCH_PATHS = (
					"$(inherited)",
					"$(SRCROOT)/../composeApp/build/xcode-frameworks/$(CONFIGURATION)/$(SDK_NAME)",
				);
				GENERATE_INFOPLIST_FILE = YES;
				MARKETING_VERSION = 1.0;
				OTHER_LDFLAGS = (
					"$(inherited)",
					"-framework",
					ComposeApp,
				);
				PRODUCT_BUNDLE_IDENTIFIER = com.mockdonalds.app.tests;
				PRODUCT_NAME = "$(TARGET_NAME)";
				SWIFT_EMIT_LOC_STRINGS = NO;
				SWIFT_VERSION = 5.0;
				TARGETED_DEVICE_FAMILY = "1,2";
				TEST_HOST = "$(BUILT_PRODUCTS_DIR)/iosApp.app/$(BUNDLE_EXECUTABLE_FOLDER_PATH)/iosApp";
				VALIDATE_PRODUCT = YES;
			};
			name = "US-Prod";
		};
		EE200070EEEE000000000070 /* US-Dev */ = {
			isa = XCBuildConfiguration;
			buildSettings = {
				CODE_SIGN_STYLE = Automatic;
				CURRENT_PROJECT_VERSION = 1;
				GENERATE_INFOPLIST_FILE = YES;
				MARKETING_VERSION = 1.0;
				PRODUCT_BUNDLE_IDENTIFIER = com.mockdonalds.app.e2etests;
				PRODUCT_NAME = "$(TARGET_NAME)";
				SWIFT_EMIT_LOC_STRINGS = NO;
				SWIFT_VERSION = 5.0;
				TARGETED_DEVICE_FAMILY = "1,2";
				TEST_TARGET_NAME = iosApp;
			};
			name = "US-Dev";
		};
		EE200071EEEE000000000071 /* US-Prod */ = {
			isa = XCBuildConfiguration;
			buildSettings = {
				CODE_SIGN_STYLE = Automatic;
				CURRENT_PROJECT_VERSION = 1;
				GENERATE_INFOPLIST_FILE = YES;
				MARKETING_VERSION = 1.0;
				PRODUCT_BUNDLE_IDENTIFIER = com.mockdonalds.app.e2etests;
				PRODUCT_NAME = "$(TARGET_NAME)";
				SWIFT_EMIT_LOC_STRINGS = NO;
				SWIFT_VERSION = 5.0;
				TARGETED_DEVICE_FAMILY = "1,2";
				TEST_TARGET_NAME = iosApp;
				VALIDATE_PRODUCT = YES;
			};
			name = "US-Prod";
		};
		BC00000000000000000000D0 /* DE-Dev */ = {
			isa = XCBuildConfiguration;
			baseConfigurationReference = BC00000000000000000000B3 /* DE-Dev.xcconfig */;
			buildSettings = {
				ALWAYS_SEARCH_USER_PATHS = NO;
				CLANG_ENABLE_MODULES = YES;
				CLANG_ENABLE_OBJC_ARC = YES;
				COPY_PHASE_STRIP = NO;
				DEBUG_INFORMATION_FORMAT = dwarf;
				ENABLE_STRICT_OBJC_MSGSEND = YES;
				ENABLE_TESTABILITY = YES;
				ENABLE_USER_SCRIPT_SANDBOXING = NO;
				GCC_C_LANGUAGE_STANDARD = gnu17;
				GCC_DYNAMIC_NO_PIC = NO;
				GCC_NO_COMMON_BLOCKS = YES;
				GCC_PREPROCESSOR_DEFINITIONS = (
					"DEBUG=1",
					"$(inherited)",
				);
				IPHONEOS_DEPLOYMENT_TARGET = 16.0;
				MTL_ENABLE_DEBUG_INFO = INCLUDE_SOURCE;
				MTL_FAST_MATH = YES;
				ONLY_ACTIVE_ARCH = YES;
				SDKROOT = iphoneos;
				SWIFT_ACTIVE_COMPILATION_CONDITIONS = "DEBUG $(inherited)";
				SWIFT_OPTIMIZATION_LEVEL = "-Onone";
			};
			name = "DE-Dev";
		};
		BC00000000000000000000D1 /* DE-Prod */ = {
			isa = XCBuildConfiguration;
			baseConfigurationReference = BC00000000000000000000B4 /* DE-Prod.xcconfig */;
			buildSettings = {
				ALWAYS_SEARCH_USER_PATHS = NO;
				CLANG_ENABLE_MODULES = YES;
				CLANG_ENABLE_OBJC_ARC = YES;
				COPY_PHASE_STRIP = NO;
				DEBUG_INFORMATION_FORMAT = "dwarf-with-dsym";
				ENABLE_NS_ASSERTIONS = NO;
				ENABLE_STRICT_OBJC_MSGSEND = YES;
				ENABLE_USER_SCRIPT_SANDBOXING = NO;
				GCC_C_LANGUAGE_STANDARD = gnu17;
				GCC_NO_COMMON_BLOCKS = YES;
				IPHONEOS_DEPLOYMENT_TARGET = 16.0;
				MTL_ENABLE_DEBUG_INFO = NO;
				MTL_FAST_MATH = YES;
				SDKROOT = iphoneos;
				SWIFT_COMPILATION_MODE = wholemodule;
				VALIDATE_PRODUCT = YES;
			};
			name = "DE-Prod";
		};
		BC00000000000000000000D2 /* DE-Dev */ = {
			isa = XCBuildConfiguration;
			baseConfigurationReference = BC00000000000000000000B3 /* DE-Dev.xcconfig */;
			buildSettings = {
				ASSETCATALOG_COMPILER_APPICON_NAME = AppIcon;
				CODE_SIGN_STYLE = Automatic;
				CURRENT_PROJECT_VERSION = 1;
				DEVELOPMENT_TEAM = "${TEAM_ID}";
				FRAMEWORK_SEARCH_PATHS = (
					"$(inherited)",
					"$(SRCROOT)/../composeApp/build/xcode-frameworks/$(CONFIGURATION)/$(SDK_NAME)",
				);
				GENERATE_INFOPLIST_FILE = YES;
				INFOPLIST_FILE = iosApp/Info.plist;
				INFOPLIST_KEY_CFBundleDisplayName = MockDonalds;
				INFOPLIST_KEY_UIApplicationSceneManifest_Generation = YES;
				INFOPLIST_KEY_UIApplicationSupportsIndirectInputEvents = YES;
				INFOPLIST_KEY_UILaunchScreen_Generation = YES;
				INFOPLIST_KEY_UISupportedInterfaceOrientations = UIInterfaceOrientationPortrait;
				LD_RUNPATH_SEARCH_PATHS = (
					"$(inherited)",
					"@executable_path/Frameworks",
				);
				MARKETING_VERSION = 1.0.0;
				OTHER_LDFLAGS = (
					"$(inherited)",
					"-framework",
					ComposeApp,
				);
				PRODUCT_NAME = "$(TARGET_NAME)";
				SWIFT_EMIT_LOC_STRINGS = YES;
				SWIFT_VERSION = 5.0;
				TARGETED_DEVICE_FAMILY = "1,2";
			};
			name = "DE-Dev";
		};
		BC00000000000000000000D3 /* DE-Prod */ = {
			isa = XCBuildConfiguration;
			baseConfigurationReference = BC00000000000000000000B4 /* DE-Prod.xcconfig */;
			buildSettings = {
				ASSETCATALOG_COMPILER_APPICON_NAME = AppIcon;
				CODE_SIGN_STYLE = Automatic;
				CURRENT_PROJECT_VERSION = 1;
				DEVELOPMENT_TEAM = "";
				FRAMEWORK_SEARCH_PATHS = (
					"$(inherited)",
					"$(SRCROOT)/../composeApp/build/xcode-frameworks/$(CONFIGURATION)/$(SDK_NAME)",
				);
				GENERATE_INFOPLIST_FILE = YES;
				INFOPLIST_FILE = iosApp/Info.plist;
				INFOPLIST_KEY_CFBundleDisplayName = MockDonalds;
				INFOPLIST_KEY_UIApplicationSceneManifest_Generation = YES;
				INFOPLIST_KEY_UIApplicationSupportsIndirectInputEvents = YES;
				INFOPLIST_KEY_UILaunchScreen_Generation = YES;
				INFOPLIST_KEY_UISupportedInterfaceOrientations = UIInterfaceOrientationPortrait;
				LD_RUNPATH_SEARCH_PATHS = (
					"$(inherited)",
					"@executable_path/Frameworks",
				);
				MARKETING_VERSION = 1.0.0;
				OTHER_LDFLAGS = (
					"$(inherited)",
					"-framework",
					ComposeApp,
				);
				PRODUCT_NAME = "$(TARGET_NAME)";
				SWIFT_EMIT_LOC_STRINGS = YES;
				SWIFT_VERSION = 5.0;
				TARGETED_DEVICE_FAMILY = "1,2";
			};
			name = "DE-Prod";
		};
		BC00000000000000000000D4 /* DE-Dev */ = {
			isa = XCBuildConfiguration;
			buildSettings = {
				BUNDLE_LOADER = "$(TEST_HOST)";
				CODE_SIGN_STYLE = Automatic;
				CURRENT_PROJECT_VERSION = 1;
				FRAMEWORK_SEARCH_PATHS = (
					"$(inherited)",
					"$(SRCROOT)/../composeApp/build/xcode-frameworks/$(CONFIGURATION)/$(SDK_NAME)",
				);
				GENERATE_INFOPLIST_FILE = YES;
				MARKETING_VERSION = 1.0;
				OTHER_LDFLAGS = (
					"$(inherited)",
					"-framework",
					ComposeApp,
				);
				PRODUCT_BUNDLE_IDENTIFIER = com.mockdonalds.app.tests;
				PRODUCT_NAME = "$(TARGET_NAME)";
				SWIFT_EMIT_LOC_STRINGS = NO;
				SWIFT_VERSION = 5.0;
				TARGETED_DEVICE_FAMILY = "1,2";
				TEST_HOST = "$(BUILT_PRODUCTS_DIR)/iosApp.app/$(BUNDLE_EXECUTABLE_FOLDER_PATH)/iosApp";
			};
			name = "DE-Dev";
		};
		BC00000000000000000000D5 /* DE-Prod */ = {
			isa = XCBuildConfiguration;
			buildSettings = {
				BUNDLE_LOADER = "$(TEST_HOST)";
				CODE_SIGN_STYLE = Automatic;
				CURRENT_PROJECT_VERSION = 1;
				FRAMEWORK_SEARCH_PATHS = (
					"$(inherited)",
					"$(SRCROOT)/../composeApp/build/xcode-frameworks/$(CONFIGURATION)/$(SDK_NAME)",
				);
				GENERATE_INFOPLIST_FILE = YES;
				MARKETING_VERSION = 1.0;
				OTHER_LDFLAGS = (
					"$(inherited)",
					"-framework",
					ComposeApp,
				);
				PRODUCT_BUNDLE_IDENTIFIER = com.mockdonalds.app.tests;
				PRODUCT_NAME = "$(TARGET_NAME)";
				SWIFT_EMIT_LOC_STRINGS = NO;
				SWIFT_VERSION = 5.0;
				TARGETED_DEVICE_FAMILY = "1,2";
				TEST_HOST = "$(BUILT_PRODUCTS_DIR)/iosApp.app/$(BUNDLE_EXECUTABLE_FOLDER_PATH)/iosApp";
				VALIDATE_PRODUCT = YES;
			};
			name = "DE-Prod";
		};
		BC00000000000000000000D6 /* DE-Dev */ = {
			isa = XCBuildConfiguration;
			buildSettings = {
				CODE_SIGN_STYLE = Automatic;
				CURRENT_PROJECT_VERSION = 1;
				GENERATE_INFOPLIST_FILE = YES;
				MARKETING_VERSION = 1.0;
				PRODUCT_BUNDLE_IDENTIFIER = com.mockdonalds.app.e2etests;
				PRODUCT_NAME = "$(TARGET_NAME)";
				SWIFT_EMIT_LOC_STRINGS = NO;
				SWIFT_VERSION = 5.0;
				TARGETED_DEVICE_FAMILY = "1,2";
				TEST_TARGET_NAME = iosApp;
			};
			name = "DE-Dev";
		};
		BC00000000000000000000D7 /* DE-Prod */ = {
			isa = XCBuildConfiguration;
			buildSettings = {
				CODE_SIGN_STYLE = Automatic;
				CURRENT_PROJECT_VERSION = 1;
				GENERATE_INFOPLIST_FILE = YES;
				MARKETING_VERSION = 1.0;
				PRODUCT_BUNDLE_IDENTIFIER = com.mockdonalds.app.e2etests;
				PRODUCT_NAME = "$(TARGET_NAME)";
				SWIFT_EMIT_LOC_STRINGS = NO;
				SWIFT_VERSION = 5.0;
				TARGETED_DEVICE_FAMILY = "1,2";
				TEST_TARGET_NAME = iosApp;
				VALIDATE_PRODUCT = YES;
			};
			name = "DE-Prod";
		};
/* End XCBuildConfiguration section */

/* Begin XCConfigurationList section */
		2A1B6A7B2B0A00010012346A /* Build configuration list for PBXProject "iosApp" */ = {
			isa = XCConfigurationList;
			buildConfigurations = (
				2A1B6A9B2B0A00010012346B /* US-Dev */,
				2A1B6A9C2B0A00010012346C /* US-Prod */,
				BC00000000000000000000D0 /* DE-Dev */,
				BC00000000000000000000D1 /* DE-Prod */,
			);
			defaultConfigurationIsVisible = 0;
			defaultConfigurationName = "US-Prod";
		};
		2A1B6A9E2B0A000100123466 /* Build configuration list for PBXNativeTarget "iosApp" */ = {
			isa = XCConfigurationList;
			buildConfigurations = (
				2A1B6A9F2B0A00010012346D /* US-Dev */,
				2A1B6AA02B0A00010012346E /* US-Prod */,
				BC00000000000000000000D2 /* DE-Dev */,
				BC00000000000000000000D3 /* DE-Prod */,
			);
			defaultConfigurationIsVisible = 0;
			defaultConfigurationName = "US-Prod";
		};
		3F9CD0B3C5273A912B844B3B /* Build configuration list for PBXNativeTarget "iosAppTests" */ = {
			isa = XCConfigurationList;
			buildConfigurations = (
				E09D7FCB049B7033A7AFC5A6 /* US-Prod */,
				6C229A7AB97B19CAE342E766 /* US-Dev */,
				BC00000000000000000000D4 /* DE-Dev */,
				BC00000000000000000000D5 /* DE-Prod */,
			);
			defaultConfigurationIsVisible = 0;
			defaultConfigurationName = "US-Prod";
		};
		EE200072EEEE000000000072 /* Build configuration list for PBXNativeTarget "iosAppE2ETests" */ = {
			isa = XCConfigurationList;
			buildConfigurations = (
				EE200071EEEE000000000071 /* US-Prod */,
				EE200070EEEE000000000070 /* US-Dev */,
				BC00000000000000000000D6 /* DE-Dev */,
				BC00000000000000000000D7 /* DE-Prod */,
			);
			defaultConfigurationIsVisible = 0;
			defaultConfigurationName = "US-Prod";
		};
/* End XCConfigurationList section */

/* Begin XCRemoteSwiftPackageReference section */
		2D446A442F834E110014E455 /* XCRemoteSwiftPackageReference "KMP-NativeCoroutines" */ = {
			isa = XCRemoteSwiftPackageReference;
			repositoryURL = "https://github.com/rickclephas/KMP-NativeCoroutines.git";
			requirement = {
				kind = exactVersion;
				version = "1.0.2-spm-async";
			};
		};
		A1B2C3D4E5F6A7B8C9D0E1F2 /* XCRemoteSwiftPackageReference "ViewInspector" */ = {
			isa = XCRemoteSwiftPackageReference;
			repositoryURL = "https://github.com/nalexn/ViewInspector.git";
			requirement = {
				kind = upToNextMajorVersion;
				minimumVersion = 0.10.0;
			};
		};
/* End XCRemoteSwiftPackageReference section */

/* Begin XCSwiftPackageProductDependency section */
		2D446A452F834E110014E455 /* KMPNativeCoroutinesAsync */ = {
			isa = XCSwiftPackageProductDependency;
			package = 2D446A442F834E110014E455 /* XCRemoteSwiftPackageReference "KMP-NativeCoroutines" */;
			productName = KMPNativeCoroutinesAsync;
		};
		2D446A472F834E110014E455 /* KMPNativeCoroutinesCore */ = {
			isa = XCSwiftPackageProductDependency;
			package = 2D446A442F834E110014E455 /* XCRemoteSwiftPackageReference "KMP-NativeCoroutines" */;
			productName = KMPNativeCoroutinesCore;
		};
		A1B2C3D4E5F6A7B8C9D0E1F3 /* ViewInspector */ = {
			isa = XCSwiftPackageProductDependency;
			package = A1B2C3D4E5F6A7B8C9D0E1F2 /* XCRemoteSwiftPackageReference "ViewInspector" */;
			productName = ViewInspector;
		};
/* End XCSwiftPackageProductDependency section */
	};
	rootObject = 2A1B6A782B0A000100123469 /* Project object */;
}
